
Microsoft Visual Studio Solution File, Format Version 11.00
# Visual Studio 2010
Project("{FAE04EC0-301F-11D3-BF4B-00C04F79EFBC}") = "NatiBot", "SLBot\NatiBot.csproj", "{9041A815-E5DA-4B00-945E-ADC7BD2ED7B9}"
	ProjectSection(ProjectDependencies) = postProject
		{89AC992C-5E2C-4E6B-A453-61C1DF446216} = {89AC992C-5E2C-4E6B-A453-61C1DF446216}
		{F6A02431-167E-4347-BC43-65532C31CDB7} = {F6A02431-167E-4347-BC43-65532C31CDB7}
		{B3FE54E9-312C-4065-9156-B597E05D2BCA} = {B3FE54E9-312C-4065-9156-B597E05D2BCA}
		{19607F57-B521-4477-9DE0-F0D9B1A68BC7} = {19607F57-B521-4477-9DE0-F0D9B1A68BC7}
		{455E7D70-1C85-4D7F-9F01-DC801B8B8C34} = {455E7D70-1C85-4D7F-9F01-DC801B8B8C34}
		{54B78813-5B32-4257-8CF4-5A48C90E58BC} = {54B78813-5B32-4257-8CF4-5A48C90E58BC}
		{7F6BF4C6-A0EB-4A18-9968-BD3C42A7B5FD} = {7F6BF4C6-A0EB-4A18-9968-BD3C42A7B5FD}
	EndProjectSection
EndProject
Project("{8BC9CEB8-8B4A-11D0-8D11-00A0C91BC942}") = "DllOpenJPEG", "libomv\openjpeg-dotnet\DllOpenJPEG.vcxproj", "{89AC992C-5E2C-4E6B-A453-61C1DF446216}"
EndProject
Project("{FAE04EC0-301F-11D3-BF4B-00C04F79EFBC}") = "SmartIrc4net", "SmartIRC4Net\VisualStudio\2008\SmartIrc4net.csproj", "{19607F57-B521-4477-9DE0-F0D9B1A68BC7}"
EndProject
Project("{FAE04EC0-301F-11D3-BF4B-00C04F79EFBC}") = "log4net", "log4net\src\log4net.csproj", "{F6A02431-167E-4347-BC43-65532C31CDB7}"
EndProject
Project("{FAE04EC0-301F-11D3-BF4B-00C04F79EFBC}") = "OpenMetaverse", "libomv\OpenMetaverse\OpenMetaverse.csproj", "{7F6BF4C6-A0EB-4A18-9968-BD3C42A7B5FD}"
	ProjectSection(ProjectDependencies) = postProject
		{F6A02431-167E-4347-BC43-65532C31CDB7} = {F6A02431-167E-4347-BC43-65532C31CDB7}
	EndProjectSection
EndProject
Project("{FAE04EC0-301F-11D3-BF4B-00C04F79EFBC}") = "OpenMetaverse.Http", "libomv\OpenMetaverse.Http\OpenMetaverse.Http.csproj", "{54B78813-5B32-4257-8CF4-5A48C90E58BC}"
EndProject
Project("{FAE04EC0-301F-11D3-BF4B-00C04F79EFBC}") = "OpenMetaverse.StructuredData", "libomv\OpenMetaverse.StructuredData\OpenMetaverse.StructuredData.csproj", "{BED46B2C-D866-4C87-AD31-5C87D00B6E88}"
EndProject
Project("{FAE04EC0-301F-11D3-BF4B-00C04F79EFBC}") = "OpenMetaverseTypes", "libomv\OpenMetaverseTypes\OpenMetaverseTypes.csproj", "{B3FE54E9-312C-4065-9156-B597E05D2BCA}"
EndProject
Project("{FAE04EC0-301F-11D3-BF4B-00C04F79EFBC}") = "HttpServer", "libomv\HttpServer\HttpServer.csproj", "{455E7D70-1C85-4D7F-9F01-DC801B8B8C34}"
EndProject
Project("{FAE04EC0-301F-11D3-BF4B-00C04F79EFBC}") = "OpenMetaverse.Utilities", "libomv\OpenMetaverse.Utilities\OpenMetaverse.Utilities.csproj", "{81947E6D-4614-468F-B75B-EE61736D5BAA}"
EndProject
Project("{FAE04EC0-301F-11D3-BF4B-00C04F79EFBC}") = "clResourceEditor", "clResourceEditor\clResourceEditor.csproj", "{EAD895D3-384F-4078-9603-DAC343E0E89D}"
EndProject
Project("{FAE04EC0-301F-11D3-BF4B-00C04F79EFBC}") = "clControls", "clControls\clControls.csproj", "{93D3970D-9C6C-4250-BE8F-7CF974DEAB68}"
EndProject
Project("{54435603-DBB4-11D2-8724-00A0C9A8B90C}") = "Installer", "Installer\Installer.vdproj", "{5CFFE837-B679-4C6C-A223-97A61DD0E11A}"
EndProject
Project("{FAE04EC0-301F-11D3-BF4B-00C04F79EFBC}") = "clUtils", "clUtils\clUtils.csproj", "{6C115EF9-F48B-4606-9361-B09E337C9705}"
EndProject
Project("{FAE04EC0-301F-11D3-BF4B-00C04F79EFBC}") = "DebugHWKey", "DebugHWKey\DebugHWKey.csproj", "{C07BFFE6-B66B-47AA-A1C2-094BBAC9AF22}"
EndProject
Project("{6141683F-8A12-4E36-9623-2EB02B2C2303}") = "InstallShield", "InstallShield\InstallShield.isproj", "{8595864B-D0F6-4B1F-853D-0F38E8EE90F8}"
EndProject
Project("{FAE04EC0-301F-11D3-BF4B-00C04F79EFBC}") = "StatsPostTest", "StatsPostTest\StatsPostTest.csproj", "{8CF624A8-4FE6-41AD-8DDF-B37854E374CB}"
EndProject
Project("{FAE04EC0-301F-11D3-BF4B-00C04F79EFBC}") = "DotNetZip", "DotNetZip\DotNetZip.csproj", "{0037E22E-B40E-4D9B-8CD5-062E7E3BC1D7}"
EndProject
Project("{FAE04EC0-301F-11D3-BF4B-00C04F79EFBC}") = "NatiBotLogReader", "NatiBotLogReader\NatiBotLogReader.csproj", "{DB1A9545-2E68-4857-B776-29F62F8EA21C}"
EndProject
Global
	GlobalSection(SolutionConfigurationPlatforms) = preSolution
		CD_ROM|Any CPU = CD_ROM|Any CPU
		CD_ROM|AnyOS = CD_ROM|AnyOS
		CD_ROM|Mixed Platforms = CD_ROM|Mixed Platforms
		CD_ROM|Win32 = CD_ROM|Win32
		CD_ROM|Win64 = CD_ROM|Win64
		CD_ROM|x64 = CD_ROM|x64
		CD_ROM|x86 = CD_ROM|x86
		Debug|Any CPU = Debug|Any CPU
		Debug|AnyOS = Debug|AnyOS
		Debug|Mixed Platforms = Debug|Mixed Platforms
		Debug|Win32 = Debug|Win32
		Debug|Win64 = Debug|Win64
		Debug|x64 = Debug|x64
		Debug|x86 = Debug|x86
		DVD-5|Any CPU = DVD-5|Any CPU
		DVD-5|AnyOS = DVD-5|AnyOS
		DVD-5|Mixed Platforms = DVD-5|Mixed Platforms
		DVD-5|Win32 = DVD-5|Win32
		DVD-5|Win64 = DVD-5|Win64
		DVD-5|x64 = DVD-5|x64
		DVD-5|x86 = DVD-5|x86
		Release|Any CPU = Release|Any CPU
		Release|AnyOS = Release|AnyOS
		Release|Mixed Platforms = Release|Mixed Platforms
		Release|Win32 = Release|Win32
		Release|Win64 = Release|Win64
		Release|x64 = Release|x64
		Release|x86 = Release|x86
		SingleImage|Any CPU = SingleImage|Any CPU
		SingleImage|AnyOS = SingleImage|AnyOS
		SingleImage|Mixed Platforms = SingleImage|Mixed Platforms
		SingleImage|Win32 = SingleImage|Win32
		SingleImage|Win64 = SingleImage|Win64
		SingleImage|x64 = SingleImage|x64
		SingleImage|x86 = SingleImage|x86
	EndGlobalSection
	GlobalSection(ProjectConfigurationPlatforms) = postSolution
		{9041A815-E5DA-4B00-945E-ADC7BD2ED7B9}.CD_ROM|Any CPU.ActiveCfg = Release|x64
		{9041A815-E5DA-4B00-945E-ADC7BD2ED7B9}.CD_ROM|AnyOS.ActiveCfg = Release|x64
		{9041A815-E5DA-4B00-945E-ADC7BD2ED7B9}.CD_ROM|Mixed Platforms.ActiveCfg = Release|x64
		{9041A815-E5DA-4B00-945E-ADC7BD2ED7B9}.CD_ROM|Mixed Platforms.Build.0 = Release|x64
		{9041A815-E5DA-4B00-945E-ADC7BD2ED7B9}.CD_ROM|Win32.ActiveCfg = Release|x64
		{9041A815-E5DA-4B00-945E-ADC7BD2ED7B9}.CD_ROM|Win64.ActiveCfg = Release|x64
		{9041A815-E5DA-4B00-945E-ADC7BD2ED7B9}.CD_ROM|x64.ActiveCfg = Release|x64
		{9041A815-E5DA-4B00-945E-ADC7BD2ED7B9}.CD_ROM|x64.Build.0 = Release|x64
		{9041A815-E5DA-4B00-945E-ADC7BD2ED7B9}.CD_ROM|x86.ActiveCfg = Release|x64
		{9041A815-E5DA-4B00-945E-ADC7BD2ED7B9}.Debug|Any CPU.ActiveCfg = Debug|Any CPU
		{9041A815-E5DA-4B00-945E-ADC7BD2ED7B9}.Debug|Any CPU.Build.0 = Debug|Any CPU
		{9041A815-E5DA-4B00-945E-ADC7BD2ED7B9}.Debug|AnyOS.ActiveCfg = Debug|Any CPU
		{9041A815-E5DA-4B00-945E-ADC7BD2ED7B9}.Debug|Mixed Platforms.ActiveCfg = Debug|x64
		{9041A815-E5DA-4B00-945E-ADC7BD2ED7B9}.Debug|Mixed Platforms.Build.0 = Debug|x64
		{9041A815-E5DA-4B00-945E-ADC7BD2ED7B9}.Debug|Win32.ActiveCfg = Debug|x64
		{9041A815-E5DA-4B00-945E-ADC7BD2ED7B9}.Debug|Win64.ActiveCfg = Debug|x64
		{9041A815-E5DA-4B00-945E-ADC7BD2ED7B9}.Debug|x64.ActiveCfg = Debug|x64
		{9041A815-E5DA-4B00-945E-ADC7BD2ED7B9}.Debug|x64.Build.0 = Debug|x64
		{9041A815-E5DA-4B00-945E-ADC7BD2ED7B9}.Debug|x86.ActiveCfg = Debug|x86
		{9041A815-E5DA-4B00-945E-ADC7BD2ED7B9}.Debug|x86.Build.0 = Debug|x86
		{9041A815-E5DA-4B00-945E-ADC7BD2ED7B9}.DVD-5|Any CPU.ActiveCfg = Debug|x64
		{9041A815-E5DA-4B00-945E-ADC7BD2ED7B9}.DVD-5|AnyOS.ActiveCfg = Debug|x64
		{9041A815-E5DA-4B00-945E-ADC7BD2ED7B9}.DVD-5|Mixed Platforms.ActiveCfg = Debug|x64
		{9041A815-E5DA-4B00-945E-ADC7BD2ED7B9}.DVD-5|Mixed Platforms.Build.0 = Debug|x64
		{9041A815-E5DA-4B00-945E-ADC7BD2ED7B9}.DVD-5|Win32.ActiveCfg = Debug|x64
		{9041A815-E5DA-4B00-945E-ADC7BD2ED7B9}.DVD-5|Win64.ActiveCfg = Debug|x64
		{9041A815-E5DA-4B00-945E-ADC7BD2ED7B9}.DVD-5|x64.ActiveCfg = Debug|x64
		{9041A815-E5DA-4B00-945E-ADC7BD2ED7B9}.DVD-5|x64.Build.0 = Debug|x64
		{9041A815-E5DA-4B00-945E-ADC7BD2ED7B9}.DVD-5|x86.ActiveCfg = Debug|x64
		{9041A815-E5DA-4B00-945E-ADC7BD2ED7B9}.Release|Any CPU.ActiveCfg = Release|Any CPU
		{9041A815-E5DA-4B00-945E-ADC7BD2ED7B9}.Release|Any CPU.Build.0 = Release|Any CPU
		{9041A815-E5DA-4B00-945E-ADC7BD2ED7B9}.Release|AnyOS.ActiveCfg = Release|Any CPU
		{9041A815-E5DA-4B00-945E-ADC7BD2ED7B9}.Release|Mixed Platforms.ActiveCfg = Release|x64
		{9041A815-E5DA-4B00-945E-ADC7BD2ED7B9}.Release|Mixed Platforms.Build.0 = Release|x64
		{9041A815-E5DA-4B00-945E-ADC7BD2ED7B9}.Release|Win32.ActiveCfg = Release|x64
		{9041A815-E5DA-4B00-945E-ADC7BD2ED7B9}.Release|Win64.ActiveCfg = Release|x64
		{9041A815-E5DA-4B00-945E-ADC7BD2ED7B9}.Release|x64.ActiveCfg = Release|x64
		{9041A815-E5DA-4B00-945E-ADC7BD2ED7B9}.Release|x64.Build.0 = Release|x64
		{9041A815-E5DA-4B00-945E-ADC7BD2ED7B9}.Release|x86.ActiveCfg = Release|x86
		{9041A815-E5DA-4B00-945E-ADC7BD2ED7B9}.Release|x86.Build.0 = Release|x86
		{9041A815-E5DA-4B00-945E-ADC7BD2ED7B9}.SingleImage|Any CPU.ActiveCfg = Release|x64
		{9041A815-E5DA-4B00-945E-ADC7BD2ED7B9}.SingleImage|AnyOS.ActiveCfg = Release|x64
		{9041A815-E5DA-4B00-945E-ADC7BD2ED7B9}.SingleImage|Mixed Platforms.ActiveCfg = Release|x64
		{9041A815-E5DA-4B00-945E-ADC7BD2ED7B9}.SingleImage|Mixed Platforms.Build.0 = Release|x64
		{9041A815-E5DA-4B00-945E-ADC7BD2ED7B9}.SingleImage|Win32.ActiveCfg = Release|x64
		{9041A815-E5DA-4B00-945E-ADC7BD2ED7B9}.SingleImage|Win64.ActiveCfg = Release|x64
		{9041A815-E5DA-4B00-945E-ADC7BD2ED7B9}.SingleImage|x64.ActiveCfg = Release|x64
		{9041A815-E5DA-4B00-945E-ADC7BD2ED7B9}.SingleImage|x64.Build.0 = Release|x64
		{9041A815-E5DA-4B00-945E-ADC7BD2ED7B9}.SingleImage|x86.ActiveCfg = Release|x64
		{89AC992C-5E2C-4E6B-A453-61C1DF446216}.CD_ROM|Any CPU.ActiveCfg = Release|x64
		{89AC992C-5E2C-4E6B-A453-61C1DF446216}.CD_ROM|AnyOS.ActiveCfg = Release|x64
		{89AC992C-5E2C-4E6B-A453-61C1DF446216}.CD_ROM|Mixed Platforms.ActiveCfg = Release|x64
		{89AC992C-5E2C-4E6B-A453-61C1DF446216}.CD_ROM|Mixed Platforms.Build.0 = Release|x64
		{89AC992C-5E2C-4E6B-A453-61C1DF446216}.CD_ROM|Win32.ActiveCfg = Release|x64
		{89AC992C-5E2C-4E6B-A453-61C1DF446216}.CD_ROM|Win64.ActiveCfg = Release|x64
		{89AC992C-5E2C-4E6B-A453-61C1DF446216}.CD_ROM|x64.ActiveCfg = Release|x64
		{89AC992C-5E2C-4E6B-A453-61C1DF446216}.CD_ROM|x64.Build.0 = Release|x64
		{89AC992C-5E2C-4E6B-A453-61C1DF446216}.CD_ROM|x86.ActiveCfg = Release|x64
		{89AC992C-5E2C-4E6B-A453-61C1DF446216}.Debug|Any CPU.ActiveCfg = Debug|Win32
		{89AC992C-5E2C-4E6B-A453-61C1DF446216}.Debug|AnyOS.ActiveCfg = Debug|x64
		{89AC992C-5E2C-4E6B-A453-61C1DF446216}.Debug|Mixed Platforms.ActiveCfg = Debug|Win32
		{89AC992C-5E2C-4E6B-A453-61C1DF446216}.Debug|Mixed Platforms.Build.0 = Debug|Win32
		{89AC992C-5E2C-4E6B-A453-61C1DF446216}.Debug|Win32.ActiveCfg = Debug|Win32
		{89AC992C-5E2C-4E6B-A453-61C1DF446216}.Debug|Win32.Build.0 = Debug|Win32
		{89AC992C-5E2C-4E6B-A453-61C1DF446216}.Debug|Win64.ActiveCfg = Debug|Win32
		{89AC992C-5E2C-4E6B-A453-61C1DF446216}.Debug|x64.ActiveCfg = Debug|Win32
		{89AC992C-5E2C-4E6B-A453-61C1DF446216}.Debug|x86.ActiveCfg = Debug|Win32
		{89AC992C-5E2C-4E6B-A453-61C1DF446216}.DVD-5|Any CPU.ActiveCfg = Debug|x64
		{89AC992C-5E2C-4E6B-A453-61C1DF446216}.DVD-5|AnyOS.ActiveCfg = Debug|x64
		{89AC992C-5E2C-4E6B-A453-61C1DF446216}.DVD-5|Mixed Platforms.ActiveCfg = Debug|x64
		{89AC992C-5E2C-4E6B-A453-61C1DF446216}.DVD-5|Mixed Platforms.Build.0 = Debug|x64
		{89AC992C-5E2C-4E6B-A453-61C1DF446216}.DVD-5|Win32.ActiveCfg = Debug|x64
		{89AC992C-5E2C-4E6B-A453-61C1DF446216}.DVD-5|Win64.ActiveCfg = Debug|x64
		{89AC992C-5E2C-4E6B-A453-61C1DF446216}.DVD-5|x64.ActiveCfg = Debug|x64
		{89AC992C-5E2C-4E6B-A453-61C1DF446216}.DVD-5|x64.Build.0 = Debug|x64
		{89AC992C-5E2C-4E6B-A453-61C1DF446216}.DVD-5|x86.ActiveCfg = Debug|x64
		{89AC992C-5E2C-4E6B-A453-61C1DF446216}.Release|Any CPU.ActiveCfg = Release|Win32
		{89AC992C-5E2C-4E6B-A453-61C1DF446216}.Release|AnyOS.ActiveCfg = Release|x64
		{89AC992C-5E2C-4E6B-A453-61C1DF446216}.Release|Mixed Platforms.ActiveCfg = Release|Win32
		{89AC992C-5E2C-4E6B-A453-61C1DF446216}.Release|Mixed Platforms.Build.0 = Release|Win32
		{89AC992C-5E2C-4E6B-A453-61C1DF446216}.Release|Win32.ActiveCfg = Release|Win32
		{89AC992C-5E2C-4E6B-A453-61C1DF446216}.Release|Win32.Build.0 = Release|Win32
		{89AC992C-5E2C-4E6B-A453-61C1DF446216}.Release|Win64.ActiveCfg = Release|Win32
		{89AC992C-5E2C-4E6B-A453-61C1DF446216}.Release|x64.ActiveCfg = Release|Win32
		{89AC992C-5E2C-4E6B-A453-61C1DF446216}.Release|x86.ActiveCfg = Release|Win32
		{89AC992C-5E2C-4E6B-A453-61C1DF446216}.SingleImage|Any CPU.ActiveCfg = Release|x64
		{89AC992C-5E2C-4E6B-A453-61C1DF446216}.SingleImage|AnyOS.ActiveCfg = Release|x64
		{89AC992C-5E2C-4E6B-A453-61C1DF446216}.SingleImage|Mixed Platforms.ActiveCfg = Release|x64
		{89AC992C-5E2C-4E6B-A453-61C1DF446216}.SingleImage|Mixed Platforms.Build.0 = Release|x64
		{89AC992C-5E2C-4E6B-A453-61C1DF446216}.SingleImage|Win32.ActiveCfg = Release|x64
		{89AC992C-5E2C-4E6B-A453-61C1DF446216}.SingleImage|Win64.ActiveCfg = Release|x64
		{89AC992C-5E2C-4E6B-A453-61C1DF446216}.SingleImage|x64.ActiveCfg = Release|x64
		{89AC992C-5E2C-4E6B-A453-61C1DF446216}.SingleImage|x64.Build.0 = Release|x64
		{89AC992C-5E2C-4E6B-A453-61C1DF446216}.SingleImage|x86.ActiveCfg = Release|x64
		{19607F57-B521-4477-9DE0-F0D9B1A68BC7}.CD_ROM|Any CPU.ActiveCfg = Release|Any CPU
		{19607F57-B521-4477-9DE0-F0D9B1A68BC7}.CD_ROM|Any CPU.Build.0 = Release|Any CPU
		{19607F57-B521-4477-9DE0-F0D9B1A68BC7}.CD_ROM|AnyOS.ActiveCfg = Release|Any CPU
		{19607F57-B521-4477-9DE0-F0D9B1A68BC7}.CD_ROM|Mixed Platforms.ActiveCfg = Release|Any CPU
		{19607F57-B521-4477-9DE0-F0D9B1A68BC7}.CD_ROM|Mixed Platforms.Build.0 = Release|Any CPU
		{19607F57-B521-4477-9DE0-F0D9B1A68BC7}.CD_ROM|Win32.ActiveCfg = Release|Any CPU
		{19607F57-B521-4477-9DE0-F0D9B1A68BC7}.CD_ROM|Win64.ActiveCfg = Release|Any CPU
		{19607F57-B521-4477-9DE0-F0D9B1A68BC7}.CD_ROM|x64.ActiveCfg = Release|Any CPU
		{19607F57-B521-4477-9DE0-F0D9B1A68BC7}.CD_ROM|x86.ActiveCfg = Release|Any CPU
		{19607F57-B521-4477-9DE0-F0D9B1A68BC7}.Debug|Any CPU.ActiveCfg = Debug|Any CPU
		{19607F57-B521-4477-9DE0-F0D9B1A68BC7}.Debug|Any CPU.Build.0 = Debug|Any CPU
		{19607F57-B521-4477-9DE0-F0D9B1A68BC7}.Debug|AnyOS.ActiveCfg = Debug|Any CPU
		{19607F57-B521-4477-9DE0-F0D9B1A68BC7}.Debug|Mixed Platforms.ActiveCfg = Debug|Any CPU
		{19607F57-B521-4477-9DE0-F0D9B1A68BC7}.Debug|Mixed Platforms.Build.0 = Debug|Any CPU
		{19607F57-B521-4477-9DE0-F0D9B1A68BC7}.Debug|Win32.ActiveCfg = Debug|Any CPU
		{19607F57-B521-4477-9DE0-F0D9B1A68BC7}.Debug|Win64.ActiveCfg = Debug|Any CPU
		{19607F57-B521-4477-9DE0-F0D9B1A68BC7}.Debug|x64.ActiveCfg = Debug|Any CPU
		{19607F57-B521-4477-9DE0-F0D9B1A68BC7}.Debug|x86.ActiveCfg = Debug|Any CPU
		{19607F57-B521-4477-9DE0-F0D9B1A68BC7}.DVD-5|Any CPU.ActiveCfg = Debug|Any CPU
		{19607F57-B521-4477-9DE0-F0D9B1A68BC7}.DVD-5|Any CPU.Build.0 = Debug|Any CPU
		{19607F57-B521-4477-9DE0-F0D9B1A68BC7}.DVD-5|AnyOS.ActiveCfg = Debug|Any CPU
		{19607F57-B521-4477-9DE0-F0D9B1A68BC7}.DVD-5|Mixed Platforms.ActiveCfg = Debug|Any CPU
		{19607F57-B521-4477-9DE0-F0D9B1A68BC7}.DVD-5|Mixed Platforms.Build.0 = Debug|Any CPU
		{19607F57-B521-4477-9DE0-F0D9B1A68BC7}.DVD-5|Win32.ActiveCfg = Debug|Any CPU
		{19607F57-B521-4477-9DE0-F0D9B1A68BC7}.DVD-5|Win64.ActiveCfg = Debug|Any CPU
		{19607F57-B521-4477-9DE0-F0D9B1A68BC7}.DVD-5|x64.ActiveCfg = Debug|Any CPU
		{19607F57-B521-4477-9DE0-F0D9B1A68BC7}.DVD-5|x86.ActiveCfg = Debug|Any CPU
		{19607F57-B521-4477-9DE0-F0D9B1A68BC7}.Release|Any CPU.ActiveCfg = Release|Any CPU
		{19607F57-B521-4477-9DE0-F0D9B1A68BC7}.Release|Any CPU.Build.0 = Release|Any CPU
		{19607F57-B521-4477-9DE0-F0D9B1A68BC7}.Release|AnyOS.ActiveCfg = Release|Any CPU
		{19607F57-B521-4477-9DE0-F0D9B1A68BC7}.Release|Mixed Platforms.ActiveCfg = Release|Any CPU
		{19607F57-B521-4477-9DE0-F0D9B1A68BC7}.Release|Mixed Platforms.Build.0 = Release|Any CPU
		{19607F57-B521-4477-9DE0-F0D9B1A68BC7}.Release|Win32.ActiveCfg = Release|Any CPU
		{19607F57-B521-4477-9DE0-F0D9B1A68BC7}.Release|Win64.ActiveCfg = Release|Any CPU
		{19607F57-B521-4477-9DE0-F0D9B1A68BC7}.Release|x64.ActiveCfg = Release|Any CPU
		{19607F57-B521-4477-9DE0-F0D9B1A68BC7}.Release|x86.ActiveCfg = Release|Any CPU
		{19607F57-B521-4477-9DE0-F0D9B1A68BC7}.SingleImage|Any CPU.ActiveCfg = Release|Any CPU
		{19607F57-B521-4477-9DE0-F0D9B1A68BC7}.SingleImage|Any CPU.Build.0 = Release|Any CPU
		{19607F57-B521-4477-9DE0-F0D9B1A68BC7}.SingleImage|AnyOS.ActiveCfg = Release|Any CPU
		{19607F57-B521-4477-9DE0-F0D9B1A68BC7}.SingleImage|Mixed Platforms.ActiveCfg = Release|Any CPU
		{19607F57-B521-4477-9DE0-F0D9B1A68BC7}.SingleImage|Mixed Platforms.Build.0 = Release|Any CPU
		{19607F57-B521-4477-9DE0-F0D9B1A68BC7}.SingleImage|Win32.ActiveCfg = Release|Any CPU
		{19607F57-B521-4477-9DE0-F0D9B1A68BC7}.SingleImage|Win64.ActiveCfg = Release|Any CPU
		{19607F57-B521-4477-9DE0-F0D9B1A68BC7}.SingleImage|x64.ActiveCfg = Release|Any CPU
		{19607F57-B521-4477-9DE0-F0D9B1A68BC7}.SingleImage|x86.ActiveCfg = Release|Any CPU
		{F6A02431-167E-4347-BC43-65532C31CDB7}.CD_ROM|Any CPU.ActiveCfg = Release|Any CPU
		{F6A02431-167E-4347-BC43-65532C31CDB7}.CD_ROM|Any CPU.Build.0 = Release|Any CPU
		{F6A02431-167E-4347-BC43-65532C31CDB7}.CD_ROM|AnyOS.ActiveCfg = Release|Any CPU
		{F6A02431-167E-4347-BC43-65532C31CDB7}.CD_ROM|Mixed Platforms.ActiveCfg = Release|Any CPU
		{F6A02431-167E-4347-BC43-65532C31CDB7}.CD_ROM|Mixed Platforms.Build.0 = Release|Any CPU
		{F6A02431-167E-4347-BC43-65532C31CDB7}.CD_ROM|Win32.ActiveCfg = Release|Any CPU
		{F6A02431-167E-4347-BC43-65532C31CDB7}.CD_ROM|Win64.ActiveCfg = Release|Any CPU
		{F6A02431-167E-4347-BC43-65532C31CDB7}.CD_ROM|x64.ActiveCfg = Release|Any CPU
		{F6A02431-167E-4347-BC43-65532C31CDB7}.CD_ROM|x86.ActiveCfg = Release|Any CPU
		{F6A02431-167E-4347-BC43-65532C31CDB7}.Debug|Any CPU.ActiveCfg = Debug|Any CPU
		{F6A02431-167E-4347-BC43-65532C31CDB7}.Debug|Any CPU.Build.0 = Debug|Any CPU
		{F6A02431-167E-4347-BC43-65532C31CDB7}.Debug|AnyOS.ActiveCfg = Debug|Any CPU
		{F6A02431-167E-4347-BC43-65532C31CDB7}.Debug|Mixed Platforms.ActiveCfg = Debug|Any CPU
		{F6A02431-167E-4347-BC43-65532C31CDB7}.Debug|Mixed Platforms.Build.0 = Debug|Any CPU
		{F6A02431-167E-4347-BC43-65532C31CDB7}.Debug|Win32.ActiveCfg = Debug|Any CPU
		{F6A02431-167E-4347-BC43-65532C31CDB7}.Debug|Win64.ActiveCfg = Debug|Any CPU
		{F6A02431-167E-4347-BC43-65532C31CDB7}.Debug|x64.ActiveCfg = Debug|Any CPU
		{F6A02431-167E-4347-BC43-65532C31CDB7}.Debug|x86.ActiveCfg = Debug|Any CPU
		{F6A02431-167E-4347-BC43-65532C31CDB7}.DVD-5|Any CPU.ActiveCfg = Debug|Any CPU
		{F6A02431-167E-4347-BC43-65532C31CDB7}.DVD-5|Any CPU.Build.0 = Debug|Any CPU
		{F6A02431-167E-4347-BC43-65532C31CDB7}.DVD-5|AnyOS.ActiveCfg = Debug|Any CPU
		{F6A02431-167E-4347-BC43-65532C31CDB7}.DVD-5|Mixed Platforms.ActiveCfg = Debug|Any CPU
		{F6A02431-167E-4347-BC43-65532C31CDB7}.DVD-5|Mixed Platforms.Build.0 = Debug|Any CPU
		{F6A02431-167E-4347-BC43-65532C31CDB7}.DVD-5|Win32.ActiveCfg = Debug|Any CPU
		{F6A02431-167E-4347-BC43-65532C31CDB7}.DVD-5|Win64.ActiveCfg = Debug|Any CPU
		{F6A02431-167E-4347-BC43-65532C31CDB7}.DVD-5|x64.ActiveCfg = Debug|Any CPU
		{F6A02431-167E-4347-BC43-65532C31CDB7}.DVD-5|x86.ActiveCfg = Debug|Any CPU
		{F6A02431-167E-4347-BC43-65532C31CDB7}.Release|Any CPU.ActiveCfg = Release|Any CPU
		{F6A02431-167E-4347-BC43-65532C31CDB7}.Release|Any CPU.Build.0 = Release|Any CPU
		{F6A02431-167E-4347-BC43-65532C31CDB7}.Release|AnyOS.ActiveCfg = Release|Any CPU
		{F6A02431-167E-4347-BC43-65532C31CDB7}.Release|Mixed Platforms.ActiveCfg = Release|Any CPU
		{F6A02431-167E-4347-BC43-65532C31CDB7}.Release|Mixed Platforms.Build.0 = Release|Any CPU
		{F6A02431-167E-4347-BC43-65532C31CDB7}.Release|Win32.ActiveCfg = Release|Any CPU
		{F6A02431-167E-4347-BC43-65532C31CDB7}.Release|Win64.ActiveCfg = Release|Any CPU
		{F6A02431-167E-4347-BC43-65532C31CDB7}.Release|x64.ActiveCfg = Release|Any CPU
		{F6A02431-167E-4347-BC43-65532C31CDB7}.Release|x86.ActiveCfg = Release|Any CPU
		{F6A02431-167E-4347-BC43-65532C31CDB7}.SingleImage|Any CPU.ActiveCfg = Release|Any CPU
		{F6A02431-167E-4347-BC43-65532C31CDB7}.SingleImage|Any CPU.Build.0 = Release|Any CPU
		{F6A02431-167E-4347-BC43-65532C31CDB7}.SingleImage|AnyOS.ActiveCfg = Release|Any CPU
		{F6A02431-167E-4347-BC43-65532C31CDB7}.SingleImage|Mixed Platforms.ActiveCfg = Release|Any CPU
		{F6A02431-167E-4347-BC43-65532C31CDB7}.SingleImage|Mixed Platforms.Build.0 = Release|Any CPU
		{F6A02431-167E-4347-BC43-65532C31CDB7}.SingleImage|Win32.ActiveCfg = Release|Any CPU
		{F6A02431-167E-4347-BC43-65532C31CDB7}.SingleImage|Win64.ActiveCfg = Release|Any CPU
		{F6A02431-167E-4347-BC43-65532C31CDB7}.SingleImage|x64.ActiveCfg = Release|Any CPU
		{F6A02431-167E-4347-BC43-65532C31CDB7}.SingleImage|x86.ActiveCfg = Release|Any CPU
		{7F6BF4C6-A0EB-4A18-9968-BD3C42A7B5FD}.CD_ROM|Any CPU.ActiveCfg = Debug|Any CPU
		{7F6BF4C6-A0EB-4A18-9968-BD3C42A7B5FD}.CD_ROM|Any CPU.Build.0 = Debug|Any CPU
		{7F6BF4C6-A0EB-4A18-9968-BD3C42A7B5FD}.CD_ROM|AnyOS.ActiveCfg = Debug|Any CPU
		{7F6BF4C6-A0EB-4A18-9968-BD3C42A7B5FD}.CD_ROM|Mixed Platforms.ActiveCfg = Debug|Any CPU
		{7F6BF4C6-A0EB-4A18-9968-BD3C42A7B5FD}.CD_ROM|Mixed Platforms.Build.0 = Debug|Any CPU
		{7F6BF4C6-A0EB-4A18-9968-BD3C42A7B5FD}.CD_ROM|Win32.ActiveCfg = Debug|Any CPU
		{7F6BF4C6-A0EB-4A18-9968-BD3C42A7B5FD}.CD_ROM|Win64.ActiveCfg = Debug|Any CPU
		{7F6BF4C6-A0EB-4A18-9968-BD3C42A7B5FD}.CD_ROM|x64.ActiveCfg = Debug|Any CPU
		{7F6BF4C6-A0EB-4A18-9968-BD3C42A7B5FD}.CD_ROM|x86.ActiveCfg = Debug|Any CPU
		{7F6BF4C6-A0EB-4A18-9968-BD3C42A7B5FD}.Debug|Any CPU.ActiveCfg = Debug|Any CPU
		{7F6BF4C6-A0EB-4A18-9968-BD3C42A7B5FD}.Debug|Any CPU.Build.0 = Debug|Any CPU
		{7F6BF4C6-A0EB-4A18-9968-BD3C42A7B5FD}.Debug|AnyOS.ActiveCfg = Debug|Any CPU
		{7F6BF4C6-A0EB-4A18-9968-BD3C42A7B5FD}.Debug|Mixed Platforms.ActiveCfg = Debug|Any CPU
		{7F6BF4C6-A0EB-4A18-9968-BD3C42A7B5FD}.Debug|Mixed Platforms.Build.0 = Debug|Any CPU
		{7F6BF4C6-A0EB-4A18-9968-BD3C42A7B5FD}.Debug|Win32.ActiveCfg = Debug|Any CPU
		{7F6BF4C6-A0EB-4A18-9968-BD3C42A7B5FD}.Debug|Win64.ActiveCfg = Debug|Any CPU
		{7F6BF4C6-A0EB-4A18-9968-BD3C42A7B5FD}.Debug|x64.ActiveCfg = Debug|Any CPU
		{7F6BF4C6-A0EB-4A18-9968-BD3C42A7B5FD}.Debug|x86.ActiveCfg = Debug|Any CPU
		{7F6BF4C6-A0EB-4A18-9968-BD3C42A7B5FD}.DVD-5|Any CPU.ActiveCfg = Debug|Any CPU
		{7F6BF4C6-A0EB-4A18-9968-BD3C42A7B5FD}.DVD-5|Any CPU.Build.0 = Debug|Any CPU
		{7F6BF4C6-A0EB-4A18-9968-BD3C42A7B5FD}.DVD-5|AnyOS.ActiveCfg = Debug|Any CPU
		{7F6BF4C6-A0EB-4A18-9968-BD3C42A7B5FD}.DVD-5|Mixed Platforms.ActiveCfg = Debug|Any CPU
		{7F6BF4C6-A0EB-4A18-9968-BD3C42A7B5FD}.DVD-5|Mixed Platforms.Build.0 = Debug|Any CPU
		{7F6BF4C6-A0EB-4A18-9968-BD3C42A7B5FD}.DVD-5|Win32.ActiveCfg = Debug|Any CPU
		{7F6BF4C6-A0EB-4A18-9968-BD3C42A7B5FD}.DVD-5|Win64.ActiveCfg = Debug|Any CPU
		{7F6BF4C6-A0EB-4A18-9968-BD3C42A7B5FD}.DVD-5|x64.ActiveCfg = Debug|Any CPU
		{7F6BF4C6-A0EB-4A18-9968-BD3C42A7B5FD}.DVD-5|x86.ActiveCfg = Debug|Any CPU
		{7F6BF4C6-A0EB-4A18-9968-BD3C42A7B5FD}.Release|Any CPU.ActiveCfg = Release|Any CPU
		{7F6BF4C6-A0EB-4A18-9968-BD3C42A7B5FD}.Release|Any CPU.Build.0 = Release|Any CPU
		{7F6BF4C6-A0EB-4A18-9968-BD3C42A7B5FD}.Release|AnyOS.ActiveCfg = Release|Any CPU
		{7F6BF4C6-A0EB-4A18-9968-BD3C42A7B5FD}.Release|Mixed Platforms.ActiveCfg = Release|Any CPU
		{7F6BF4C6-A0EB-4A18-9968-BD3C42A7B5FD}.Release|Mixed Platforms.Build.0 = Release|Any CPU
		{7F6BF4C6-A0EB-4A18-9968-BD3C42A7B5FD}.Release|Win32.ActiveCfg = Release|Any CPU
		{7F6BF4C6-A0EB-4A18-9968-BD3C42A7B5FD}.Release|Win64.ActiveCfg = Release|Any CPU
		{7F6BF4C6-A0EB-4A18-9968-BD3C42A7B5FD}.Release|x64.ActiveCfg = Release|Any CPU
		{7F6BF4C6-A0EB-4A18-9968-BD3C42A7B5FD}.Release|x86.ActiveCfg = Release|Any CPU
		{7F6BF4C6-A0EB-4A18-9968-BD3C42A7B5FD}.SingleImage|Any CPU.ActiveCfg = Debug|Any CPU
		{7F6BF4C6-A0EB-4A18-9968-BD3C42A7B5FD}.SingleImage|Any CPU.Build.0 = Debug|Any CPU
		{7F6BF4C6-A0EB-4A18-9968-BD3C42A7B5FD}.SingleImage|AnyOS.ActiveCfg = Debug|Any CPU
		{7F6BF4C6-A0EB-4A18-9968-BD3C42A7B5FD}.SingleImage|Mixed Platforms.ActiveCfg = Debug|Any CPU
		{7F6BF4C6-A0EB-4A18-9968-BD3C42A7B5FD}.SingleImage|Mixed Platforms.Build.0 = Debug|Any CPU
		{7F6BF4C6-A0EB-4A18-9968-BD3C42A7B5FD}.SingleImage|Win32.ActiveCfg = Debug|Any CPU
		{7F6BF4C6-A0EB-4A18-9968-BD3C42A7B5FD}.SingleImage|Win64.ActiveCfg = Debug|Any CPU
		{7F6BF4C6-A0EB-4A18-9968-BD3C42A7B5FD}.SingleImage|x64.ActiveCfg = Debug|Any CPU
		{7F6BF4C6-A0EB-4A18-9968-BD3C42A7B5FD}.SingleImage|x86.ActiveCfg = Debug|Any CPU
		{54B78813-5B32-4257-8CF4-5A48C90E58BC}.CD_ROM|Any CPU.ActiveCfg = Debug|Any CPU
		{54B78813-5B32-4257-8CF4-5A48C90E58BC}.CD_ROM|Any CPU.Build.0 = Debug|Any CPU
		{54B78813-5B32-4257-8CF4-5A48C90E58BC}.CD_ROM|AnyOS.ActiveCfg = Debug|Any CPU
		{54B78813-5B32-4257-8CF4-5A48C90E58BC}.CD_ROM|Mixed Platforms.ActiveCfg = Debug|Any CPU
		{54B78813-5B32-4257-8CF4-5A48C90E58BC}.CD_ROM|Mixed Platforms.Build.0 = Debug|Any CPU
		{54B78813-5B32-4257-8CF4-5A48C90E58BC}.CD_ROM|Win32.ActiveCfg = Debug|Any CPU
		{54B78813-5B32-4257-8CF4-5A48C90E58BC}.CD_ROM|Win64.ActiveCfg = Debug|Any CPU
		{54B78813-5B32-4257-8CF4-5A48C90E58BC}.CD_ROM|x64.ActiveCfg = Debug|Any CPU
		{54B78813-5B32-4257-8CF4-5A48C90E58BC}.CD_ROM|x86.ActiveCfg = Debug|Any CPU
		{54B78813-5B32-4257-8CF4-5A48C90E58BC}.Debug|Any CPU.ActiveCfg = Debug|Any CPU
		{54B78813-5B32-4257-8CF4-5A48C90E58BC}.Debug|Any CPU.Build.0 = Debug|Any CPU
		{54B78813-5B32-4257-8CF4-5A48C90E58BC}.Debug|AnyOS.ActiveCfg = Debug|Any CPU
		{54B78813-5B32-4257-8CF4-5A48C90E58BC}.Debug|Mixed Platforms.ActiveCfg = Debug|Any CPU
		{54B78813-5B32-4257-8CF4-5A48C90E58BC}.Debug|Mixed Platforms.Build.0 = Debug|Any CPU
		{54B78813-5B32-4257-8CF4-5A48C90E58BC}.Debug|Win32.ActiveCfg = Debug|Any CPU
		{54B78813-5B32-4257-8CF4-5A48C90E58BC}.Debug|Win64.ActiveCfg = Debug|Any CPU
		{54B78813-5B32-4257-8CF4-5A48C90E58BC}.Debug|x64.ActiveCfg = Debug|Any CPU
		{54B78813-5B32-4257-8CF4-5A48C90E58BC}.Debug|x86.ActiveCfg = Debug|Any CPU
		{54B78813-5B32-4257-8CF4-5A48C90E58BC}.DVD-5|Any CPU.ActiveCfg = Debug|Any CPU
		{54B78813-5B32-4257-8CF4-5A48C90E58BC}.DVD-5|Any CPU.Build.0 = Debug|Any CPU
		{54B78813-5B32-4257-8CF4-5A48C90E58BC}.DVD-5|AnyOS.ActiveCfg = Debug|Any CPU
		{54B78813-5B32-4257-8CF4-5A48C90E58BC}.DVD-5|Mixed Platforms.ActiveCfg = Debug|Any CPU
		{54B78813-5B32-4257-8CF4-5A48C90E58BC}.DVD-5|Mixed Platforms.Build.0 = Debug|Any CPU
		{54B78813-5B32-4257-8CF4-5A48C90E58BC}.DVD-5|Win32.ActiveCfg = Debug|Any CPU
		{54B78813-5B32-4257-8CF4-5A48C90E58BC}.DVD-5|Win64.ActiveCfg = Debug|Any CPU
		{54B78813-5B32-4257-8CF4-5A48C90E58BC}.DVD-5|x64.ActiveCfg = Debug|Any CPU
		{54B78813-5B32-4257-8CF4-5A48C90E58BC}.DVD-5|x86.ActiveCfg = Debug|Any CPU
		{54B78813-5B32-4257-8CF4-5A48C90E58BC}.Release|Any CPU.ActiveCfg = Release|Any CPU
		{54B78813-5B32-4257-8CF4-5A48C90E58BC}.Release|Any CPU.Build.0 = Release|Any CPU
		{54B78813-5B32-4257-8CF4-5A48C90E58BC}.Release|AnyOS.ActiveCfg = Release|Any CPU
		{54B78813-5B32-4257-8CF4-5A48C90E58BC}.Release|Mixed Platforms.ActiveCfg = Release|Any CPU
		{54B78813-5B32-4257-8CF4-5A48C90E58BC}.Release|Mixed Platforms.Build.0 = Release|Any CPU
		{54B78813-5B32-4257-8CF4-5A48C90E58BC}.Release|Win32.ActiveCfg = Release|Any CPU
		{54B78813-5B32-4257-8CF4-5A48C90E58BC}.Release|Win64.ActiveCfg = Release|Any CPU
		{54B78813-5B32-4257-8CF4-5A48C90E58BC}.Release|x64.ActiveCfg = Release|Any CPU
		{54B78813-5B32-4257-8CF4-5A48C90E58BC}.Release|x86.ActiveCfg = Release|Any CPU
		{54B78813-5B32-4257-8CF4-5A48C90E58BC}.SingleImage|Any CPU.ActiveCfg = Debug|Any CPU
		{54B78813-5B32-4257-8CF4-5A48C90E58BC}.SingleImage|Any CPU.Build.0 = Debug|Any CPU
		{54B78813-5B32-4257-8CF4-5A48C90E58BC}.SingleImage|AnyOS.ActiveCfg = Debug|Any CPU
		{54B78813-5B32-4257-8CF4-5A48C90E58BC}.SingleImage|Mixed Platforms.ActiveCfg = Debug|Any CPU
		{54B78813-5B32-4257-8CF4-5A48C90E58BC}.SingleImage|Mixed Platforms.Build.0 = Debug|Any CPU
		{54B78813-5B32-4257-8CF4-5A48C90E58BC}.SingleImage|Win32.ActiveCfg = Debug|Any CPU
		{54B78813-5B32-4257-8CF4-5A48C90E58BC}.SingleImage|Win64.ActiveCfg = Debug|Any CPU
		{54B78813-5B32-4257-8CF4-5A48C90E58BC}.SingleImage|x64.ActiveCfg = Debug|Any CPU
		{54B78813-5B32-4257-8CF4-5A48C90E58BC}.SingleImage|x86.ActiveCfg = Debug|Any CPU
		{BED46B2C-D866-4C87-AD31-5C87D00B6E88}.CD_ROM|Any CPU.ActiveCfg = Debug|Any CPU
		{BED46B2C-D866-4C87-AD31-5C87D00B6E88}.CD_ROM|Any CPU.Build.0 = Debug|Any CPU
		{BED46B2C-D866-4C87-AD31-5C87D00B6E88}.CD_ROM|AnyOS.ActiveCfg = Debug|Any CPU
		{BED46B2C-D866-4C87-AD31-5C87D00B6E88}.CD_ROM|Mixed Platforms.ActiveCfg = Debug|Any CPU
		{BED46B2C-D866-4C87-AD31-5C87D00B6E88}.CD_ROM|Mixed Platforms.Build.0 = Debug|Any CPU
		{BED46B2C-D866-4C87-AD31-5C87D00B6E88}.CD_ROM|Win32.ActiveCfg = Debug|Any CPU
		{BED46B2C-D866-4C87-AD31-5C87D00B6E88}.CD_ROM|Win64.ActiveCfg = Debug|Any CPU
		{BED46B2C-D866-4C87-AD31-5C87D00B6E88}.CD_ROM|x64.ActiveCfg = Debug|Any CPU
		{BED46B2C-D866-4C87-AD31-5C87D00B6E88}.CD_ROM|x86.ActiveCfg = Debug|Any CPU
		{BED46B2C-D866-4C87-AD31-5C87D00B6E88}.Debug|Any CPU.ActiveCfg = Debug|Any CPU
		{BED46B2C-D866-4C87-AD31-5C87D00B6E88}.Debug|Any CPU.Build.0 = Debug|Any CPU
		{BED46B2C-D866-4C87-AD31-5C87D00B6E88}.Debug|AnyOS.ActiveCfg = Debug|Any CPU
		{BED46B2C-D866-4C87-AD31-5C87D00B6E88}.Debug|Mixed Platforms.ActiveCfg = Debug|Any CPU
		{BED46B2C-D866-4C87-AD31-5C87D00B6E88}.Debug|Mixed Platforms.Build.0 = Debug|Any CPU
		{BED46B2C-D866-4C87-AD31-5C87D00B6E88}.Debug|Win32.ActiveCfg = Debug|Any CPU
		{BED46B2C-D866-4C87-AD31-5C87D00B6E88}.Debug|Win64.ActiveCfg = Debug|Any CPU
		{BED46B2C-D866-4C87-AD31-5C87D00B6E88}.Debug|x64.ActiveCfg = Debug|Any CPU
		{BED46B2C-D866-4C87-AD31-5C87D00B6E88}.Debug|x86.ActiveCfg = Debug|Any CPU
		{BED46B2C-D866-4C87-AD31-5C87D00B6E88}.DVD-5|Any CPU.ActiveCfg = Debug|Any CPU
		{BED46B2C-D866-4C87-AD31-5C87D00B6E88}.DVD-5|Any CPU.Build.0 = Debug|Any CPU
		{BED46B2C-D866-4C87-AD31-5C87D00B6E88}.DVD-5|AnyOS.ActiveCfg = Debug|Any CPU
		{BED46B2C-D866-4C87-AD31-5C87D00B6E88}.DVD-5|Mixed Platforms.ActiveCfg = Debug|Any CPU
		{BED46B2C-D866-4C87-AD31-5C87D00B6E88}.DVD-5|Mixed Platforms.Build.0 = Debug|Any CPU
		{BED46B2C-D866-4C87-AD31-5C87D00B6E88}.DVD-5|Win32.ActiveCfg = Debug|Any CPU
		{BED46B2C-D866-4C87-AD31-5C87D00B6E88}.DVD-5|Win64.ActiveCfg = Debug|Any CPU
		{BED46B2C-D866-4C87-AD31-5C87D00B6E88}.DVD-5|x64.ActiveCfg = Debug|Any CPU
		{BED46B2C-D866-4C87-AD31-5C87D00B6E88}.DVD-5|x86.ActiveCfg = Debug|Any CPU
		{BED46B2C-D866-4C87-AD31-5C87D00B6E88}.Release|Any CPU.ActiveCfg = Release|Any CPU
		{BED46B2C-D866-4C87-AD31-5C87D00B6E88}.Release|Any CPU.Build.0 = Release|Any CPU
		{BED46B2C-D866-4C87-AD31-5C87D00B6E88}.Release|AnyOS.ActiveCfg = Release|Any CPU
		{BED46B2C-D866-4C87-AD31-5C87D00B6E88}.Release|Mixed Platforms.ActiveCfg = Release|Any CPU
		{BED46B2C-D866-4C87-AD31-5C87D00B6E88}.Release|Mixed Platforms.Build.0 = Release|Any CPU
		{BED46B2C-D866-4C87-AD31-5C87D00B6E88}.Release|Win32.ActiveCfg = Release|Any CPU
		{BED46B2C-D866-4C87-AD31-5C87D00B6E88}.Release|Win64.ActiveCfg = Release|Any CPU
		{BED46B2C-D866-4C87-AD31-5C87D00B6E88}.Release|x64.ActiveCfg = Release|Any CPU
		{BED46B2C-D866-4C87-AD31-5C87D00B6E88}.Release|x86.ActiveCfg = Release|Any CPU
		{BED46B2C-D866-4C87-AD31-5C87D00B6E88}.SingleImage|Any CPU.ActiveCfg = Debug|Any CPU
		{BED46B2C-D866-4C87-AD31-5C87D00B6E88}.SingleImage|Any CPU.Build.0 = Debug|Any CPU
		{BED46B2C-D866-4C87-AD31-5C87D00B6E88}.SingleImage|AnyOS.ActiveCfg = Debug|Any CPU
		{BED46B2C-D866-4C87-AD31-5C87D00B6E88}.SingleImage|Mixed Platforms.ActiveCfg = Debug|Any CPU
		{BED46B2C-D866-4C87-AD31-5C87D00B6E88}.SingleImage|Mixed Platforms.Build.0 = Debug|Any CPU
		{BED46B2C-D866-4C87-AD31-5C87D00B6E88}.SingleImage|Win32.ActiveCfg = Debug|Any CPU
		{BED46B2C-D866-4C87-AD31-5C87D00B6E88}.SingleImage|Win64.ActiveCfg = Debug|Any CPU
		{BED46B2C-D866-4C87-AD31-5C87D00B6E88}.SingleImage|x64.ActiveCfg = Debug|Any CPU
		{BED46B2C-D866-4C87-AD31-5C87D00B6E88}.SingleImage|x86.ActiveCfg = Debug|Any CPU
		{B3FE54E9-312C-4065-9156-B597E05D2BCA}.CD_ROM|Any CPU.ActiveCfg = Debug|Any CPU
		{B3FE54E9-312C-4065-9156-B597E05D2BCA}.CD_ROM|Any CPU.Build.0 = Debug|Any CPU
		{B3FE54E9-312C-4065-9156-B597E05D2BCA}.CD_ROM|AnyOS.ActiveCfg = Debug|Any CPU
		{B3FE54E9-312C-4065-9156-B597E05D2BCA}.CD_ROM|Mixed Platforms.ActiveCfg = Debug|Any CPU
		{B3FE54E9-312C-4065-9156-B597E05D2BCA}.CD_ROM|Mixed Platforms.Build.0 = Debug|Any CPU
		{B3FE54E9-312C-4065-9156-B597E05D2BCA}.CD_ROM|Win32.ActiveCfg = Debug|Any CPU
		{B3FE54E9-312C-4065-9156-B597E05D2BCA}.CD_ROM|Win64.ActiveCfg = Debug|Any CPU
		{B3FE54E9-312C-4065-9156-B597E05D2BCA}.CD_ROM|x64.ActiveCfg = Debug|Any CPU
		{B3FE54E9-312C-4065-9156-B597E05D2BCA}.CD_ROM|x86.ActiveCfg = Debug|Any CPU
		{B3FE54E9-312C-4065-9156-B597E05D2BCA}.Debug|Any CPU.ActiveCfg = Debug|Any CPU
		{B3FE54E9-312C-4065-9156-B597E05D2BCA}.Debug|Any CPU.Build.0 = Debug|Any CPU
		{B3FE54E9-312C-4065-9156-B597E05D2BCA}.Debug|AnyOS.ActiveCfg = Debug|Any CPU
		{B3FE54E9-312C-4065-9156-B597E05D2BCA}.Debug|Mixed Platforms.ActiveCfg = Debug|Any CPU
		{B3FE54E9-312C-4065-9156-B597E05D2BCA}.Debug|Mixed Platforms.Build.0 = Debug|Any CPU
		{B3FE54E9-312C-4065-9156-B597E05D2BCA}.Debug|Win32.ActiveCfg = Debug|Any CPU
		{B3FE54E9-312C-4065-9156-B597E05D2BCA}.Debug|Win64.ActiveCfg = Debug|Any CPU
		{B3FE54E9-312C-4065-9156-B597E05D2BCA}.Debug|x64.ActiveCfg = Debug|Any CPU
		{B3FE54E9-312C-4065-9156-B597E05D2BCA}.Debug|x86.ActiveCfg = Debug|Any CPU
		{B3FE54E9-312C-4065-9156-B597E05D2BCA}.DVD-5|Any CPU.ActiveCfg = Debug|Any CPU
		{B3FE54E9-312C-4065-9156-B597E05D2BCA}.DVD-5|Any CPU.Build.0 = Debug|Any CPU
		{B3FE54E9-312C-4065-9156-B597E05D2BCA}.DVD-5|AnyOS.ActiveCfg = Debug|Any CPU
		{B3FE54E9-312C-4065-9156-B597E05D2BCA}.DVD-5|Mixed Platforms.ActiveCfg = Debug|Any CPU
		{B3FE54E9-312C-4065-9156-B597E05D2BCA}.DVD-5|Mixed Platforms.Build.0 = Debug|Any CPU
		{B3FE54E9-312C-4065-9156-B597E05D2BCA}.DVD-5|Win32.ActiveCfg = Debug|Any CPU
		{B3FE54E9-312C-4065-9156-B597E05D2BCA}.DVD-5|Win64.ActiveCfg = Debug|Any CPU
		{B3FE54E9-312C-4065-9156-B597E05D2BCA}.DVD-5|x64.ActiveCfg = Debug|Any CPU
		{B3FE54E9-312C-4065-9156-B597E05D2BCA}.DVD-5|x86.ActiveCfg = Debug|Any CPU
		{B3FE54E9-312C-4065-9156-B597E05D2BCA}.Release|Any CPU.ActiveCfg = Release|Any CPU
		{B3FE54E9-312C-4065-9156-B597E05D2BCA}.Release|Any CPU.Build.0 = Release|Any CPU
		{B3FE54E9-312C-4065-9156-B597E05D2BCA}.Release|AnyOS.ActiveCfg = Release|Any CPU
		{B3FE54E9-312C-4065-9156-B597E05D2BCA}.Release|Mixed Platforms.ActiveCfg = Release|Any CPU
		{B3FE54E9-312C-4065-9156-B597E05D2BCA}.Release|Mixed Platforms.Build.0 = Release|Any CPU
		{B3FE54E9-312C-4065-9156-B597E05D2BCA}.Release|Win32.ActiveCfg = Release|Any CPU
		{B3FE54E9-312C-4065-9156-B597E05D2BCA}.Release|Win64.ActiveCfg = Release|Any CPU
		{B3FE54E9-312C-4065-9156-B597E05D2BCA}.Release|x64.ActiveCfg = Release|Any CPU
		{B3FE54E9-312C-4065-9156-B597E05D2BCA}.Release|x86.ActiveCfg = Release|Any CPU
		{B3FE54E9-312C-4065-9156-B597E05D2BCA}.SingleImage|Any CPU.ActiveCfg = Debug|Any CPU
		{B3FE54E9-312C-4065-9156-B597E05D2BCA}.SingleImage|Any CPU.Build.0 = Debug|Any CPU
		{B3FE54E9-312C-4065-9156-B597E05D2BCA}.SingleImage|AnyOS.ActiveCfg = Debug|Any CPU
		{B3FE54E9-312C-4065-9156-B597E05D2BCA}.SingleImage|Mixed Platforms.ActiveCfg = Debug|Any CPU
		{B3FE54E9-312C-4065-9156-B597E05D2BCA}.SingleImage|Mixed Platforms.Build.0 = Debug|Any CPU
		{B3FE54E9-312C-4065-9156-B597E05D2BCA}.SingleImage|Win32.ActiveCfg = Debug|Any CPU
		{B3FE54E9-312C-4065-9156-B597E05D2BCA}.SingleImage|Win64.ActiveCfg = Debug|Any CPU
		{B3FE54E9-312C-4065-9156-B597E05D2BCA}.SingleImage|x64.ActiveCfg = Debug|Any CPU
		{B3FE54E9-312C-4065-9156-B597E05D2BCA}.SingleImage|x86.ActiveCfg = Debug|Any CPU
		{455E7D70-1C85-4D7F-9F01-DC801B8B8C34}.CD_ROM|Any CPU.ActiveCfg = Debug|Any CPU
		{455E7D70-1C85-4D7F-9F01-DC801B8B8C34}.CD_ROM|Any CPU.Build.0 = Debug|Any CPU
		{455E7D70-1C85-4D7F-9F01-DC801B8B8C34}.CD_ROM|AnyOS.ActiveCfg = Debug|Any CPU
		{455E7D70-1C85-4D7F-9F01-DC801B8B8C34}.CD_ROM|Mixed Platforms.ActiveCfg = Debug|Any CPU
		{455E7D70-1C85-4D7F-9F01-DC801B8B8C34}.CD_ROM|Mixed Platforms.Build.0 = Debug|Any CPU
		{455E7D70-1C85-4D7F-9F01-DC801B8B8C34}.CD_ROM|Win32.ActiveCfg = Debug|Any CPU
		{455E7D70-1C85-4D7F-9F01-DC801B8B8C34}.CD_ROM|Win64.ActiveCfg = Debug|Any CPU
		{455E7D70-1C85-4D7F-9F01-DC801B8B8C34}.CD_ROM|x64.ActiveCfg = Debug|Any CPU
		{455E7D70-1C85-4D7F-9F01-DC801B8B8C34}.CD_ROM|x86.ActiveCfg = Debug|Any CPU
		{455E7D70-1C85-4D7F-9F01-DC801B8B8C34}.Debug|Any CPU.ActiveCfg = Debug|Any CPU
		{455E7D70-1C85-4D7F-9F01-DC801B8B8C34}.Debug|Any CPU.Build.0 = Debug|Any CPU
		{455E7D70-1C85-4D7F-9F01-DC801B8B8C34}.Debug|AnyOS.ActiveCfg = Debug|Any CPU
		{455E7D70-1C85-4D7F-9F01-DC801B8B8C34}.Debug|Mixed Platforms.ActiveCfg = Debug|Any CPU
		{455E7D70-1C85-4D7F-9F01-DC801B8B8C34}.Debug|Mixed Platforms.Build.0 = Debug|Any CPU
		{455E7D70-1C85-4D7F-9F01-DC801B8B8C34}.Debug|Win32.ActiveCfg = Debug|Any CPU
		{455E7D70-1C85-4D7F-9F01-DC801B8B8C34}.Debug|Win64.ActiveCfg = Debug|Any CPU
		{455E7D70-1C85-4D7F-9F01-DC801B8B8C34}.Debug|x64.ActiveCfg = Debug|Any CPU
		{455E7D70-1C85-4D7F-9F01-DC801B8B8C34}.Debug|x86.ActiveCfg = Debug|Any CPU
		{455E7D70-1C85-4D7F-9F01-DC801B8B8C34}.DVD-5|Any CPU.ActiveCfg = Debug|Any CPU
		{455E7D70-1C85-4D7F-9F01-DC801B8B8C34}.DVD-5|Any CPU.Build.0 = Debug|Any CPU
		{455E7D70-1C85-4D7F-9F01-DC801B8B8C34}.DVD-5|AnyOS.ActiveCfg = Debug|Any CPU
		{455E7D70-1C85-4D7F-9F01-DC801B8B8C34}.DVD-5|Mixed Platforms.ActiveCfg = Debug|Any CPU
		{455E7D70-1C85-4D7F-9F01-DC801B8B8C34}.DVD-5|Mixed Platforms.Build.0 = Debug|Any CPU
		{455E7D70-1C85-4D7F-9F01-DC801B8B8C34}.DVD-5|Win32.ActiveCfg = Debug|Any CPU
		{455E7D70-1C85-4D7F-9F01-DC801B8B8C34}.DVD-5|Win64.ActiveCfg = Debug|Any CPU
		{455E7D70-1C85-4D7F-9F01-DC801B8B8C34}.DVD-5|x64.ActiveCfg = Debug|Any CPU
		{455E7D70-1C85-4D7F-9F01-DC801B8B8C34}.DVD-5|x86.ActiveCfg = Debug|Any CPU
		{455E7D70-1C85-4D7F-9F01-DC801B8B8C34}.Release|Any CPU.ActiveCfg = Release|Any CPU
		{455E7D70-1C85-4D7F-9F01-DC801B8B8C34}.Release|Any CPU.Build.0 = Release|Any CPU
		{455E7D70-1C85-4D7F-9F01-DC801B8B8C34}.Release|AnyOS.ActiveCfg = Release|Any CPU
		{455E7D70-1C85-4D7F-9F01-DC801B8B8C34}.Release|Mixed Platforms.ActiveCfg = Release|Any CPU
		{455E7D70-1C85-4D7F-9F01-DC801B8B8C34}.Release|Mixed Platforms.Build.0 = Release|Any CPU
		{455E7D70-1C85-4D7F-9F01-DC801B8B8C34}.Release|Win32.ActiveCfg = Release|Any CPU
		{455E7D70-1C85-4D7F-9F01-DC801B8B8C34}.Release|Win64.ActiveCfg = Release|Any CPU
		{455E7D70-1C85-4D7F-9F01-DC801B8B8C34}.Release|x64.ActiveCfg = Release|Any CPU
		{455E7D70-1C85-4D7F-9F01-DC801B8B8C34}.Release|x86.ActiveCfg = Release|Any CPU
		{455E7D70-1C85-4D7F-9F01-DC801B8B8C34}.SingleImage|Any CPU.ActiveCfg = Debug|Any CPU
		{455E7D70-1C85-4D7F-9F01-DC801B8B8C34}.SingleImage|Any CPU.Build.0 = Debug|Any CPU
		{455E7D70-1C85-4D7F-9F01-DC801B8B8C34}.SingleImage|AnyOS.ActiveCfg = Debug|Any CPU
		{455E7D70-1C85-4D7F-9F01-DC801B8B8C34}.SingleImage|Mixed Platforms.ActiveCfg = Debug|Any CPU
		{455E7D70-1C85-4D7F-9F01-DC801B8B8C34}.SingleImage|Mixed Platforms.Build.0 = Debug|Any CPU
		{455E7D70-1C85-4D7F-9F01-DC801B8B8C34}.SingleImage|Win32.ActiveCfg = Debug|Any CPU
		{455E7D70-1C85-4D7F-9F01-DC801B8B8C34}.SingleImage|Win64.ActiveCfg = Debug|Any CPU
		{455E7D70-1C85-4D7F-9F01-DC801B8B8C34}.SingleImage|x64.ActiveCfg = Debug|Any CPU
		{455E7D70-1C85-4D7F-9F01-DC801B8B8C34}.SingleImage|x86.ActiveCfg = Debug|Any CPU
		{81947E6D-4614-468F-B75B-EE61736D5BAA}.CD_ROM|Any CPU.ActiveCfg = Debug|Any CPU
		{81947E6D-4614-468F-B75B-EE61736D5BAA}.CD_ROM|Any CPU.Build.0 = Debug|Any CPU
		{81947E6D-4614-468F-B75B-EE61736D5BAA}.CD_ROM|AnyOS.ActiveCfg = Debug|Any CPU
		{81947E6D-4614-468F-B75B-EE61736D5BAA}.CD_ROM|Mixed Platforms.ActiveCfg = Debug|Any CPU
		{81947E6D-4614-468F-B75B-EE61736D5BAA}.CD_ROM|Mixed Platforms.Build.0 = Debug|Any CPU
		{81947E6D-4614-468F-B75B-EE61736D5BAA}.CD_ROM|Win32.ActiveCfg = Debug|Any CPU
		{81947E6D-4614-468F-B75B-EE61736D5BAA}.CD_ROM|Win64.ActiveCfg = Debug|Any CPU
		{81947E6D-4614-468F-B75B-EE61736D5BAA}.CD_ROM|x64.ActiveCfg = Debug|Any CPU
		{81947E6D-4614-468F-B75B-EE61736D5BAA}.CD_ROM|x86.ActiveCfg = Debug|Any CPU
		{81947E6D-4614-468F-B75B-EE61736D5BAA}.Debug|Any CPU.ActiveCfg = Debug|Any CPU
		{81947E6D-4614-468F-B75B-EE61736D5BAA}.Debug|Any CPU.Build.0 = Debug|Any CPU
		{81947E6D-4614-468F-B75B-EE61736D5BAA}.Debug|AnyOS.ActiveCfg = Debug|Any CPU
		{81947E6D-4614-468F-B75B-EE61736D5BAA}.Debug|Mixed Platforms.ActiveCfg = Debug|Any CPU
		{81947E6D-4614-468F-B75B-EE61736D5BAA}.Debug|Mixed Platforms.Build.0 = Debug|Any CPU
		{81947E6D-4614-468F-B75B-EE61736D5BAA}.Debug|Win32.ActiveCfg = Debug|Any CPU
		{81947E6D-4614-468F-B75B-EE61736D5BAA}.Debug|Win64.ActiveCfg = Debug|Any CPU
		{81947E6D-4614-468F-B75B-EE61736D5BAA}.Debug|x64.ActiveCfg = Debug|Any CPU
		{81947E6D-4614-468F-B75B-EE61736D5BAA}.Debug|x86.ActiveCfg = Debug|Any CPU
		{81947E6D-4614-468F-B75B-EE61736D5BAA}.DVD-5|Any CPU.ActiveCfg = Debug|Any CPU
		{81947E6D-4614-468F-B75B-EE61736D5BAA}.DVD-5|Any CPU.Build.0 = Debug|Any CPU
		{81947E6D-4614-468F-B75B-EE61736D5BAA}.DVD-5|AnyOS.ActiveCfg = Debug|Any CPU
		{81947E6D-4614-468F-B75B-EE61736D5BAA}.DVD-5|Mixed Platforms.ActiveCfg = Debug|Any CPU
		{81947E6D-4614-468F-B75B-EE61736D5BAA}.DVD-5|Mixed Platforms.Build.0 = Debug|Any CPU
		{81947E6D-4614-468F-B75B-EE61736D5BAA}.DVD-5|Win32.ActiveCfg = Debug|Any CPU
		{81947E6D-4614-468F-B75B-EE61736D5BAA}.DVD-5|Win64.ActiveCfg = Debug|Any CPU
		{81947E6D-4614-468F-B75B-EE61736D5BAA}.DVD-5|x64.ActiveCfg = Debug|Any CPU
		{81947E6D-4614-468F-B75B-EE61736D5BAA}.DVD-5|x86.ActiveCfg = Debug|Any CPU
		{81947E6D-4614-468F-B75B-EE61736D5BAA}.Release|Any CPU.ActiveCfg = Release|Any CPU
		{81947E6D-4614-468F-B75B-EE61736D5BAA}.Release|Any CPU.Build.0 = Release|Any CPU
		{81947E6D-4614-468F-B75B-EE61736D5BAA}.Release|AnyOS.ActiveCfg = Release|Any CPU
		{81947E6D-4614-468F-B75B-EE61736D5BAA}.Release|Mixed Platforms.ActiveCfg = Release|Any CPU
		{81947E6D-4614-468F-B75B-EE61736D5BAA}.Release|Mixed Platforms.Build.0 = Release|Any CPU
		{81947E6D-4614-468F-B75B-EE61736D5BAA}.Release|Win32.ActiveCfg = Release|Any CPU
		{81947E6D-4614-468F-B75B-EE61736D5BAA}.Release|Win64.ActiveCfg = Release|Any CPU
		{81947E6D-4614-468F-B75B-EE61736D5BAA}.Release|x64.ActiveCfg = Release|Any CPU
		{81947E6D-4614-468F-B75B-EE61736D5BAA}.Release|x86.ActiveCfg = Release|Any CPU
		{81947E6D-4614-468F-B75B-EE61736D5BAA}.SingleImage|Any CPU.ActiveCfg = Debug|Any CPU
		{81947E6D-4614-468F-B75B-EE61736D5BAA}.SingleImage|Any CPU.Build.0 = Debug|Any CPU
		{81947E6D-4614-468F-B75B-EE61736D5BAA}.SingleImage|AnyOS.ActiveCfg = Debug|Any CPU
		{81947E6D-4614-468F-B75B-EE61736D5BAA}.SingleImage|Mixed Platforms.ActiveCfg = Debug|Any CPU
		{81947E6D-4614-468F-B75B-EE61736D5BAA}.SingleImage|Mixed Platforms.Build.0 = Debug|Any CPU
		{81947E6D-4614-468F-B75B-EE61736D5BAA}.SingleImage|Win32.ActiveCfg = Debug|Any CPU
		{81947E6D-4614-468F-B75B-EE61736D5BAA}.SingleImage|Win64.ActiveCfg = Debug|Any CPU
		{81947E6D-4614-468F-B75B-EE61736D5BAA}.SingleImage|x64.ActiveCfg = Debug|Any CPU
		{81947E6D-4614-468F-B75B-EE61736D5BAA}.SingleImage|x86.ActiveCfg = Debug|Any CPU
		{EAD895D3-384F-4078-9603-DAC343E0E89D}.CD_ROM|Any CPU.ActiveCfg = Release|Any CPU
		{EAD895D3-384F-4078-9603-DAC343E0E89D}.CD_ROM|Any CPU.Build.0 = Release|Any CPU
		{EAD895D3-384F-4078-9603-DAC343E0E89D}.CD_ROM|AnyOS.ActiveCfg = Release|Any CPU
		{EAD895D3-384F-4078-9603-DAC343E0E89D}.CD_ROM|Mixed Platforms.ActiveCfg = Release|Any CPU
		{EAD895D3-384F-4078-9603-DAC343E0E89D}.CD_ROM|Mixed Platforms.Build.0 = Release|Any CPU
		{EAD895D3-384F-4078-9603-DAC343E0E89D}.CD_ROM|Win32.ActiveCfg = Release|Any CPU
		{EAD895D3-384F-4078-9603-DAC343E0E89D}.CD_ROM|Win64.ActiveCfg = Release|Any CPU
		{EAD895D3-384F-4078-9603-DAC343E0E89D}.CD_ROM|x64.ActiveCfg = Release|Any CPU
		{EAD895D3-384F-4078-9603-DAC343E0E89D}.CD_ROM|x86.ActiveCfg = Release|Any CPU
		{EAD895D3-384F-4078-9603-DAC343E0E89D}.Debug|Any CPU.ActiveCfg = Debug|Any CPU
		{EAD895D3-384F-4078-9603-DAC343E0E89D}.Debug|Any CPU.Build.0 = Debug|Any CPU
		{EAD895D3-384F-4078-9603-DAC343E0E89D}.Debug|AnyOS.ActiveCfg = Debug|Any CPU
		{EAD895D3-384F-4078-9603-DAC343E0E89D}.Debug|Mixed Platforms.ActiveCfg = Debug|Any CPU
		{EAD895D3-384F-4078-9603-DAC343E0E89D}.Debug|Mixed Platforms.Build.0 = Debug|Any CPU
		{EAD895D3-384F-4078-9603-DAC343E0E89D}.Debug|Win32.ActiveCfg = Debug|Any CPU
		{EAD895D3-384F-4078-9603-DAC343E0E89D}.Debug|Win64.ActiveCfg = Debug|Any CPU
		{EAD895D3-384F-4078-9603-DAC343E0E89D}.Debug|x64.ActiveCfg = Debug|Any CPU
		{EAD895D3-384F-4078-9603-DAC343E0E89D}.Debug|x86.ActiveCfg = Debug|Any CPU
		{EAD895D3-384F-4078-9603-DAC343E0E89D}.DVD-5|Any CPU.ActiveCfg = Debug|Any CPU
		{EAD895D3-384F-4078-9603-DAC343E0E89D}.DVD-5|Any CPU.Build.0 = Debug|Any CPU
		{EAD895D3-384F-4078-9603-DAC343E0E89D}.DVD-5|AnyOS.ActiveCfg = Debug|Any CPU
		{EAD895D3-384F-4078-9603-DAC343E0E89D}.DVD-5|Mixed Platforms.ActiveCfg = Debug|Any CPU
		{EAD895D3-384F-4078-9603-DAC343E0E89D}.DVD-5|Mixed Platforms.Build.0 = Debug|Any CPU
		{EAD895D3-384F-4078-9603-DAC343E0E89D}.DVD-5|Win32.ActiveCfg = Debug|Any CPU
		{EAD895D3-384F-4078-9603-DAC343E0E89D}.DVD-5|Win64.ActiveCfg = Debug|Any CPU
		{EAD895D3-384F-4078-9603-DAC343E0E89D}.DVD-5|x64.ActiveCfg = Debug|Any CPU
		{EAD895D3-384F-4078-9603-DAC343E0E89D}.DVD-5|x86.ActiveCfg = Debug|Any CPU
		{EAD895D3-384F-4078-9603-DAC343E0E89D}.Release|Any CPU.ActiveCfg = Release|Any CPU
		{EAD895D3-384F-4078-9603-DAC343E0E89D}.Release|Any CPU.Build.0 = Release|Any CPU
		{EAD895D3-384F-4078-9603-DAC343E0E89D}.Release|AnyOS.ActiveCfg = Release|Any CPU
		{EAD895D3-384F-4078-9603-DAC343E0E89D}.Release|Mixed Platforms.ActiveCfg = Release|Any CPU
		{EAD895D3-384F-4078-9603-DAC343E0E89D}.Release|Mixed Platforms.Build.0 = Release|Any CPU
		{EAD895D3-384F-4078-9603-DAC343E0E89D}.Release|Win32.ActiveCfg = Release|Any CPU
		{EAD895D3-384F-4078-9603-DAC343E0E89D}.Release|Win64.ActiveCfg = Release|Any CPU
		{EAD895D3-384F-4078-9603-DAC343E0E89D}.Release|x64.ActiveCfg = Release|Any CPU
		{EAD895D3-384F-4078-9603-DAC343E0E89D}.Release|x86.ActiveCfg = Release|Any CPU
		{EAD895D3-384F-4078-9603-DAC343E0E89D}.SingleImage|Any CPU.ActiveCfg = Release|Any CPU
		{EAD895D3-384F-4078-9603-DAC343E0E89D}.SingleImage|Any CPU.Build.0 = Release|Any CPU
		{EAD895D3-384F-4078-9603-DAC343E0E89D}.SingleImage|AnyOS.ActiveCfg = Release|Any CPU
		{EAD895D3-384F-4078-9603-DAC343E0E89D}.SingleImage|Mixed Platforms.ActiveCfg = Release|Any CPU
		{EAD895D3-384F-4078-9603-DAC343E0E89D}.SingleImage|Mixed Platforms.Build.0 = Release|Any CPU
		{EAD895D3-384F-4078-9603-DAC343E0E89D}.SingleImage|Win32.ActiveCfg = Release|Any CPU
		{EAD895D3-384F-4078-9603-DAC343E0E89D}.SingleImage|Win64.ActiveCfg = Release|Any CPU
		{EAD895D3-384F-4078-9603-DAC343E0E89D}.SingleImage|x64.ActiveCfg = Release|Any CPU
		{EAD895D3-384F-4078-9603-DAC343E0E89D}.SingleImage|x86.ActiveCfg = Release|Any CPU
		{93D3970D-9C6C-4250-BE8F-7CF974DEAB68}.CD_ROM|Any CPU.ActiveCfg = Release|Any CPU
		{93D3970D-9C6C-4250-BE8F-7CF974DEAB68}.CD_ROM|Any CPU.Build.0 = Release|Any CPU
		{93D3970D-9C6C-4250-BE8F-7CF974DEAB68}.CD_ROM|AnyOS.ActiveCfg = Release|Any CPU
		{93D3970D-9C6C-4250-BE8F-7CF974DEAB68}.CD_ROM|Mixed Platforms.ActiveCfg = Release|Any CPU
		{93D3970D-9C6C-4250-BE8F-7CF974DEAB68}.CD_ROM|Mixed Platforms.Build.0 = Release|Any CPU
		{93D3970D-9C6C-4250-BE8F-7CF974DEAB68}.CD_ROM|Win32.ActiveCfg = Release|Any CPU
		{93D3970D-9C6C-4250-BE8F-7CF974DEAB68}.CD_ROM|Win64.ActiveCfg = Release|Any CPU
		{93D3970D-9C6C-4250-BE8F-7CF974DEAB68}.CD_ROM|x64.ActiveCfg = Release|Any CPU
		{93D3970D-9C6C-4250-BE8F-7CF974DEAB68}.CD_ROM|x86.ActiveCfg = Release|Any CPU
		{93D3970D-9C6C-4250-BE8F-7CF974DEAB68}.Debug|Any CPU.ActiveCfg = Debug|Any CPU
		{93D3970D-9C6C-4250-BE8F-7CF974DEAB68}.Debug|Any CPU.Build.0 = Debug|Any CPU
		{93D3970D-9C6C-4250-BE8F-7CF974DEAB68}.Debug|AnyOS.ActiveCfg = Debug|Any CPU
		{93D3970D-9C6C-4250-BE8F-7CF974DEAB68}.Debug|Mixed Platforms.ActiveCfg = Debug|Any CPU
		{93D3970D-9C6C-4250-BE8F-7CF974DEAB68}.Debug|Mixed Platforms.Build.0 = Debug|Any CPU
		{93D3970D-9C6C-4250-BE8F-7CF974DEAB68}.Debug|Win32.ActiveCfg = Debug|Any CPU
		{93D3970D-9C6C-4250-BE8F-7CF974DEAB68}.Debug|Win64.ActiveCfg = Debug|Any CPU
		{93D3970D-9C6C-4250-BE8F-7CF974DEAB68}.Debug|x64.ActiveCfg = Debug|Any CPU
		{93D3970D-9C6C-4250-BE8F-7CF974DEAB68}.Debug|x86.ActiveCfg = Debug|Any CPU
		{93D3970D-9C6C-4250-BE8F-7CF974DEAB68}.DVD-5|Any CPU.ActiveCfg = Debug|Any CPU
		{93D3970D-9C6C-4250-BE8F-7CF974DEAB68}.DVD-5|Any CPU.Build.0 = Debug|Any CPU
		{93D3970D-9C6C-4250-BE8F-7CF974DEAB68}.DVD-5|AnyOS.ActiveCfg = Debug|Any CPU
		{93D3970D-9C6C-4250-BE8F-7CF974DEAB68}.DVD-5|Mixed Platforms.ActiveCfg = Debug|Any CPU
		{93D3970D-9C6C-4250-BE8F-7CF974DEAB68}.DVD-5|Mixed Platforms.Build.0 = Debug|Any CPU
		{93D3970D-9C6C-4250-BE8F-7CF974DEAB68}.DVD-5|Win32.ActiveCfg = Debug|Any CPU
		{93D3970D-9C6C-4250-BE8F-7CF974DEAB68}.DVD-5|Win64.ActiveCfg = Debug|Any CPU
		{93D3970D-9C6C-4250-BE8F-7CF974DEAB68}.DVD-5|x64.ActiveCfg = Debug|Any CPU
		{93D3970D-9C6C-4250-BE8F-7CF974DEAB68}.DVD-5|x86.ActiveCfg = Debug|Any CPU
		{93D3970D-9C6C-4250-BE8F-7CF974DEAB68}.Release|Any CPU.ActiveCfg = Release|Any CPU
		{93D3970D-9C6C-4250-BE8F-7CF974DEAB68}.Release|Any CPU.Build.0 = Release|Any CPU
		{93D3970D-9C6C-4250-BE8F-7CF974DEAB68}.Release|AnyOS.ActiveCfg = Release|Any CPU
		{93D3970D-9C6C-4250-BE8F-7CF974DEAB68}.Release|Mixed Platforms.ActiveCfg = Release|Any CPU
		{93D3970D-9C6C-4250-BE8F-7CF974DEAB68}.Release|Mixed Platforms.Build.0 = Release|Any CPU
		{93D3970D-9C6C-4250-BE8F-7CF974DEAB68}.Release|Win32.ActiveCfg = Release|Any CPU
		{93D3970D-9C6C-4250-BE8F-7CF974DEAB68}.Release|Win64.ActiveCfg = Release|Any CPU
		{93D3970D-9C6C-4250-BE8F-7CF974DEAB68}.Release|x64.ActiveCfg = Release|Any CPU
		{93D3970D-9C6C-4250-BE8F-7CF974DEAB68}.Release|x86.ActiveCfg = Release|Any CPU
		{93D3970D-9C6C-4250-BE8F-7CF974DEAB68}.SingleImage|Any CPU.ActiveCfg = Release|Any CPU
		{93D3970D-9C6C-4250-BE8F-7CF974DEAB68}.SingleImage|Any CPU.Build.0 = Release|Any CPU
		{93D3970D-9C6C-4250-BE8F-7CF974DEAB68}.SingleImage|AnyOS.ActiveCfg = Release|Any CPU
		{93D3970D-9C6C-4250-BE8F-7CF974DEAB68}.SingleImage|Mixed Platforms.ActiveCfg = Release|Any CPU
		{93D3970D-9C6C-4250-BE8F-7CF974DEAB68}.SingleImage|Mixed Platforms.Build.0 = Release|Any CPU
		{93D3970D-9C6C-4250-BE8F-7CF974DEAB68}.SingleImage|Win32.ActiveCfg = Release|Any CPU
		{93D3970D-9C6C-4250-BE8F-7CF974DEAB68}.SingleImage|Win64.ActiveCfg = Release|Any CPU
		{93D3970D-9C6C-4250-BE8F-7CF974DEAB68}.SingleImage|x64.ActiveCfg = Release|Any CPU
		{93D3970D-9C6C-4250-BE8F-7CF974DEAB68}.SingleImage|x86.ActiveCfg = Release|Any CPU
		{5CFFE837-B679-4C6C-A223-97A61DD0E11A}.CD_ROM|Any CPU.ActiveCfg = Release
		{5CFFE837-B679-4C6C-A223-97A61DD0E11A}.CD_ROM|Any CPU.Build.0 = Release
		{5CFFE837-B679-4C6C-A223-97A61DD0E11A}.CD_ROM|AnyOS.ActiveCfg = Release
		{5CFFE837-B679-4C6C-A223-97A61DD0E11A}.CD_ROM|AnyOS.Build.0 = Release
		{5CFFE837-B679-4C6C-A223-97A61DD0E11A}.CD_ROM|Mixed Platforms.ActiveCfg = Release
		{5CFFE837-B679-4C6C-A223-97A61DD0E11A}.CD_ROM|Mixed Platforms.Build.0 = Release
		{5CFFE837-B679-4C6C-A223-97A61DD0E11A}.CD_ROM|Win32.ActiveCfg = Release
		{5CFFE837-B679-4C6C-A223-97A61DD0E11A}.CD_ROM|Win32.Build.0 = Release
		{5CFFE837-B679-4C6C-A223-97A61DD0E11A}.CD_ROM|Win64.ActiveCfg = Release
		{5CFFE837-B679-4C6C-A223-97A61DD0E11A}.CD_ROM|Win64.Build.0 = Release
		{5CFFE837-B679-4C6C-A223-97A61DD0E11A}.CD_ROM|x64.ActiveCfg = Release
		{5CFFE837-B679-4C6C-A223-97A61DD0E11A}.CD_ROM|x64.Build.0 = Release
		{5CFFE837-B679-4C6C-A223-97A61DD0E11A}.CD_ROM|x86.ActiveCfg = Release
		{5CFFE837-B679-4C6C-A223-97A61DD0E11A}.CD_ROM|x86.Build.0 = Release
		{5CFFE837-B679-4C6C-A223-97A61DD0E11A}.Debug|Any CPU.ActiveCfg = Debug
		{5CFFE837-B679-4C6C-A223-97A61DD0E11A}.Debug|AnyOS.ActiveCfg = Debug
		{5CFFE837-B679-4C6C-A223-97A61DD0E11A}.Debug|AnyOS.Build.0 = Debug
		{5CFFE837-B679-4C6C-A223-97A61DD0E11A}.Debug|Mixed Platforms.ActiveCfg = Debug
		{5CFFE837-B679-4C6C-A223-97A61DD0E11A}.Debug|Win32.ActiveCfg = Debug
		{5CFFE837-B679-4C6C-A223-97A61DD0E11A}.Debug|Win64.ActiveCfg = Debug
		{5CFFE837-B679-4C6C-A223-97A61DD0E11A}.Debug|Win64.Build.0 = Debug
		{5CFFE837-B679-4C6C-A223-97A61DD0E11A}.Debug|x64.ActiveCfg = Debug
		{5CFFE837-B679-4C6C-A223-97A61DD0E11A}.Debug|x86.ActiveCfg = Debug
		{5CFFE837-B679-4C6C-A223-97A61DD0E11A}.DVD-5|Any CPU.ActiveCfg = Debug
		{5CFFE837-B679-4C6C-A223-97A61DD0E11A}.DVD-5|Any CPU.Build.0 = Debug
		{5CFFE837-B679-4C6C-A223-97A61DD0E11A}.DVD-5|AnyOS.ActiveCfg = Debug
		{5CFFE837-B679-4C6C-A223-97A61DD0E11A}.DVD-5|AnyOS.Build.0 = Debug
		{5CFFE837-B679-4C6C-A223-97A61DD0E11A}.DVD-5|Mixed Platforms.ActiveCfg = Debug
		{5CFFE837-B679-4C6C-A223-97A61DD0E11A}.DVD-5|Mixed Platforms.Build.0 = Debug
		{5CFFE837-B679-4C6C-A223-97A61DD0E11A}.DVD-5|Win32.ActiveCfg = Debug
		{5CFFE837-B679-4C6C-A223-97A61DD0E11A}.DVD-5|Win32.Build.0 = Debug
		{5CFFE837-B679-4C6C-A223-97A61DD0E11A}.DVD-5|Win64.ActiveCfg = Debug
		{5CFFE837-B679-4C6C-A223-97A61DD0E11A}.DVD-5|Win64.Build.0 = Debug
		{5CFFE837-B679-4C6C-A223-97A61DD0E11A}.DVD-5|x64.ActiveCfg = Debug
		{5CFFE837-B679-4C6C-A223-97A61DD0E11A}.DVD-5|x64.Build.0 = Debug
		{5CFFE837-B679-4C6C-A223-97A61DD0E11A}.DVD-5|x86.ActiveCfg = Debug
		{5CFFE837-B679-4C6C-A223-97A61DD0E11A}.DVD-5|x86.Build.0 = Debug
		{5CFFE837-B679-4C6C-A223-97A61DD0E11A}.Release|Any CPU.ActiveCfg = Release
		{5CFFE837-B679-4C6C-A223-97A61DD0E11A}.Release|AnyOS.ActiveCfg = Release
		{5CFFE837-B679-4C6C-A223-97A61DD0E11A}.Release|AnyOS.Build.0 = Release
		{5CFFE837-B679-4C6C-A223-97A61DD0E11A}.Release|Mixed Platforms.ActiveCfg = Release
		{5CFFE837-B679-4C6C-A223-97A61DD0E11A}.Release|Win32.ActiveCfg = Release
		{5CFFE837-B679-4C6C-A223-97A61DD0E11A}.Release|Win64.ActiveCfg = Release
		{5CFFE837-B679-4C6C-A223-97A61DD0E11A}.Release|Win64.Build.0 = Release
		{5CFFE837-B679-4C6C-A223-97A61DD0E11A}.Release|x64.ActiveCfg = Release
		{5CFFE837-B679-4C6C-A223-97A61DD0E11A}.Release|x86.ActiveCfg = Release
		{5CFFE837-B679-4C6C-A223-97A61DD0E11A}.SingleImage|Any CPU.ActiveCfg = Release
		{5CFFE837-B679-4C6C-A223-97A61DD0E11A}.SingleImage|Any CPU.Build.0 = Release
		{5CFFE837-B679-4C6C-A223-97A61DD0E11A}.SingleImage|AnyOS.ActiveCfg = Release
		{5CFFE837-B679-4C6C-A223-97A61DD0E11A}.SingleImage|AnyOS.Build.0 = Release
		{5CFFE837-B679-4C6C-A223-97A61DD0E11A}.SingleImage|Mixed Platforms.ActiveCfg = Release
		{5CFFE837-B679-4C6C-A223-97A61DD0E11A}.SingleImage|Mixed Platforms.Build.0 = Release
		{5CFFE837-B679-4C6C-A223-97A61DD0E11A}.SingleImage|Win32.ActiveCfg = Release
		{5CFFE837-B679-4C6C-A223-97A61DD0E11A}.SingleImage|Win32.Build.0 = Release
		{5CFFE837-B679-4C6C-A223-97A61DD0E11A}.SingleImage|Win64.ActiveCfg = Release
		{5CFFE837-B679-4C6C-A223-97A61DD0E11A}.SingleImage|Win64.Build.0 = Release
		{5CFFE837-B679-4C6C-A223-97A61DD0E11A}.SingleImage|x64.ActiveCfg = Release
		{5CFFE837-B679-4C6C-A223-97A61DD0E11A}.SingleImage|x64.Build.0 = Release
		{5CFFE837-B679-4C6C-A223-97A61DD0E11A}.SingleImage|x86.ActiveCfg = Release
		{5CFFE837-B679-4C6C-A223-97A61DD0E11A}.SingleImage|x86.Build.0 = Release
		{6C115EF9-F48B-4606-9361-B09E337C9705}.CD_ROM|Any CPU.ActiveCfg = Release|Any CPU
		{6C115EF9-F48B-4606-9361-B09E337C9705}.CD_ROM|Any CPU.Build.0 = Release|Any CPU
		{6C115EF9-F48B-4606-9361-B09E337C9705}.CD_ROM|AnyOS.ActiveCfg = Release|Any CPU
		{6C115EF9-F48B-4606-9361-B09E337C9705}.CD_ROM|Mixed Platforms.ActiveCfg = Release|Any CPU
		{6C115EF9-F48B-4606-9361-B09E337C9705}.CD_ROM|Mixed Platforms.Build.0 = Release|Any CPU
		{6C115EF9-F48B-4606-9361-B09E337C9705}.CD_ROM|Win32.ActiveCfg = Release|Any CPU
		{6C115EF9-F48B-4606-9361-B09E337C9705}.CD_ROM|Win64.ActiveCfg = Release|Any CPU
		{6C115EF9-F48B-4606-9361-B09E337C9705}.CD_ROM|x64.ActiveCfg = Release|Any CPU
		{6C115EF9-F48B-4606-9361-B09E337C9705}.CD_ROM|x86.ActiveCfg = Release|Any CPU
		{6C115EF9-F48B-4606-9361-B09E337C9705}.Debug|Any CPU.ActiveCfg = Debug|Any CPU
		{6C115EF9-F48B-4606-9361-B09E337C9705}.Debug|Any CPU.Build.0 = Debug|Any CPU
		{6C115EF9-F48B-4606-9361-B09E337C9705}.Debug|AnyOS.ActiveCfg = Debug|Any CPU
		{6C115EF9-F48B-4606-9361-B09E337C9705}.Debug|Mixed Platforms.ActiveCfg = Debug|Any CPU
		{6C115EF9-F48B-4606-9361-B09E337C9705}.Debug|Mixed Platforms.Build.0 = Debug|Any CPU
		{6C115EF9-F48B-4606-9361-B09E337C9705}.Debug|Win32.ActiveCfg = Debug|Any CPU
		{6C115EF9-F48B-4606-9361-B09E337C9705}.Debug|Win64.ActiveCfg = Debug|Any CPU
		{6C115EF9-F48B-4606-9361-B09E337C9705}.Debug|x64.ActiveCfg = Debug|Any CPU
		{6C115EF9-F48B-4606-9361-B09E337C9705}.Debug|x86.ActiveCfg = Debug|Any CPU
		{6C115EF9-F48B-4606-9361-B09E337C9705}.DVD-5|Any CPU.ActiveCfg = Debug|Any CPU
		{6C115EF9-F48B-4606-9361-B09E337C9705}.DVD-5|Any CPU.Build.0 = Debug|Any CPU
		{6C115EF9-F48B-4606-9361-B09E337C9705}.DVD-5|AnyOS.ActiveCfg = Debug|Any CPU
		{6C115EF9-F48B-4606-9361-B09E337C9705}.DVD-5|Mixed Platforms.ActiveCfg = Debug|Any CPU
		{6C115EF9-F48B-4606-9361-B09E337C9705}.DVD-5|Mixed Platforms.Build.0 = Debug|Any CPU
		{6C115EF9-F48B-4606-9361-B09E337C9705}.DVD-5|Win32.ActiveCfg = Debug|Any CPU
		{6C115EF9-F48B-4606-9361-B09E337C9705}.DVD-5|Win64.ActiveCfg = Debug|Any CPU
		{6C115EF9-F48B-4606-9361-B09E337C9705}.DVD-5|x64.ActiveCfg = Debug|Any CPU
		{6C115EF9-F48B-4606-9361-B09E337C9705}.DVD-5|x86.ActiveCfg = Debug|Any CPU
		{6C115EF9-F48B-4606-9361-B09E337C9705}.Release|Any CPU.ActiveCfg = Release|Any CPU
		{6C115EF9-F48B-4606-9361-B09E337C9705}.Release|Any CPU.Build.0 = Release|Any CPU
		{6C115EF9-F48B-4606-9361-B09E337C9705}.Release|AnyOS.ActiveCfg = Release|Any CPU
		{6C115EF9-F48B-4606-9361-B09E337C9705}.Release|Mixed Platforms.ActiveCfg = Release|Any CPU
		{6C115EF9-F48B-4606-9361-B09E337C9705}.Release|Mixed Platforms.Build.0 = Release|Any CPU
		{6C115EF9-F48B-4606-9361-B09E337C9705}.Release|Win32.ActiveCfg = Release|Any CPU
		{6C115EF9-F48B-4606-9361-B09E337C9705}.Release|Win64.ActiveCfg = Release|Any CPU
		{6C115EF9-F48B-4606-9361-B09E337C9705}.Release|x64.ActiveCfg = Release|Any CPU
		{6C115EF9-F48B-4606-9361-B09E337C9705}.Release|x86.ActiveCfg = Release|Any CPU
		{6C115EF9-F48B-4606-9361-B09E337C9705}.SingleImage|Any CPU.ActiveCfg = Release|Any CPU
		{6C115EF9-F48B-4606-9361-B09E337C9705}.SingleImage|Any CPU.Build.0 = Release|Any CPU
		{6C115EF9-F48B-4606-9361-B09E337C9705}.SingleImage|AnyOS.ActiveCfg = Release|Any CPU
		{6C115EF9-F48B-4606-9361-B09E337C9705}.SingleImage|Mixed Platforms.ActiveCfg = Release|Any CPU
		{6C115EF9-F48B-4606-9361-B09E337C9705}.SingleImage|Mixed Platforms.Build.0 = Release|Any CPU
		{6C115EF9-F48B-4606-9361-B09E337C9705}.SingleImage|Win32.ActiveCfg = Release|Any CPU
		{6C115EF9-F48B-4606-9361-B09E337C9705}.SingleImage|Win64.ActiveCfg = Release|Any CPU
		{6C115EF9-F48B-4606-9361-B09E337C9705}.SingleImage|x64.ActiveCfg = Release|Any CPU
		{6C115EF9-F48B-4606-9361-B09E337C9705}.SingleImage|x86.ActiveCfg = Release|Any CPU
		{C07BFFE6-B66B-47AA-A1C2-094BBAC9AF22}.CD_ROM|Any CPU.ActiveCfg = Release|Any CPU
		{C07BFFE6-B66B-47AA-A1C2-094BBAC9AF22}.CD_ROM|Any CPU.Build.0 = Release|Any CPU
		{C07BFFE6-B66B-47AA-A1C2-094BBAC9AF22}.CD_ROM|AnyOS.ActiveCfg = Release|Any CPU
		{C07BFFE6-B66B-47AA-A1C2-094BBAC9AF22}.CD_ROM|Mixed Platforms.ActiveCfg = Release|Any CPU
		{C07BFFE6-B66B-47AA-A1C2-094BBAC9AF22}.CD_ROM|Mixed Platforms.Build.0 = Release|Any CPU
		{C07BFFE6-B66B-47AA-A1C2-094BBAC9AF22}.CD_ROM|Win32.ActiveCfg = Release|Any CPU
		{C07BFFE6-B66B-47AA-A1C2-094BBAC9AF22}.CD_ROM|Win64.ActiveCfg = Release|Any CPU
		{C07BFFE6-B66B-47AA-A1C2-094BBAC9AF22}.CD_ROM|x64.ActiveCfg = Release|Any CPU
		{C07BFFE6-B66B-47AA-A1C2-094BBAC9AF22}.CD_ROM|x86.ActiveCfg = Release|Any CPU
		{C07BFFE6-B66B-47AA-A1C2-094BBAC9AF22}.Debug|Any CPU.ActiveCfg = Debug|Any CPU
		{C07BFFE6-B66B-47AA-A1C2-094BBAC9AF22}.Debug|Any CPU.Build.0 = Debug|Any CPU
		{C07BFFE6-B66B-47AA-A1C2-094BBAC9AF22}.Debug|AnyOS.ActiveCfg = Debug|Any CPU
		{C07BFFE6-B66B-47AA-A1C2-094BBAC9AF22}.Debug|Mixed Platforms.ActiveCfg = Debug|Any CPU
		{C07BFFE6-B66B-47AA-A1C2-094BBAC9AF22}.Debug|Mixed Platforms.Build.0 = Debug|Any CPU
		{C07BFFE6-B66B-47AA-A1C2-094BBAC9AF22}.Debug|Win32.ActiveCfg = Debug|Any CPU
		{C07BFFE6-B66B-47AA-A1C2-094BBAC9AF22}.Debug|Win64.ActiveCfg = Debug|Any CPU
		{C07BFFE6-B66B-47AA-A1C2-094BBAC9AF22}.Debug|x64.ActiveCfg = Debug|Any CPU
		{C07BFFE6-B66B-47AA-A1C2-094BBAC9AF22}.Debug|x86.ActiveCfg = Debug|Any CPU
		{C07BFFE6-B66B-47AA-A1C2-094BBAC9AF22}.DVD-5|Any CPU.ActiveCfg = Debug|Any CPU
		{C07BFFE6-B66B-47AA-A1C2-094BBAC9AF22}.DVD-5|Any CPU.Build.0 = Debug|Any CPU
		{C07BFFE6-B66B-47AA-A1C2-094BBAC9AF22}.DVD-5|AnyOS.ActiveCfg = Debug|Any CPU
		{C07BFFE6-B66B-47AA-A1C2-094BBAC9AF22}.DVD-5|Mixed Platforms.ActiveCfg = Debug|Any CPU
		{C07BFFE6-B66B-47AA-A1C2-094BBAC9AF22}.DVD-5|Mixed Platforms.Build.0 = Debug|Any CPU
		{C07BFFE6-B66B-47AA-A1C2-094BBAC9AF22}.DVD-5|Win32.ActiveCfg = Debug|Any CPU
		{C07BFFE6-B66B-47AA-A1C2-094BBAC9AF22}.DVD-5|Win64.ActiveCfg = Debug|Any CPU
		{C07BFFE6-B66B-47AA-A1C2-094BBAC9AF22}.DVD-5|x64.ActiveCfg = Debug|Any CPU
		{C07BFFE6-B66B-47AA-A1C2-094BBAC9AF22}.DVD-5|x86.ActiveCfg = Debug|Any CPU
		{C07BFFE6-B66B-47AA-A1C2-094BBAC9AF22}.Release|Any CPU.ActiveCfg = Release|Any CPU
		{C07BFFE6-B66B-47AA-A1C2-094BBAC9AF22}.Release|Any CPU.Build.0 = Release|Any CPU
		{C07BFFE6-B66B-47AA-A1C2-094BBAC9AF22}.Release|AnyOS.ActiveCfg = Release|Any CPU
		{C07BFFE6-B66B-47AA-A1C2-094BBAC9AF22}.Release|Mixed Platforms.ActiveCfg = Release|Any CPU
		{C07BFFE6-B66B-47AA-A1C2-094BBAC9AF22}.Release|Mixed Platforms.Build.0 = Release|Any CPU
		{C07BFFE6-B66B-47AA-A1C2-094BBAC9AF22}.Release|Win32.ActiveCfg = Release|Any CPU
		{C07BFFE6-B66B-47AA-A1C2-094BBAC9AF22}.Release|Win64.ActiveCfg = Release|Any CPU
		{C07BFFE6-B66B-47AA-A1C2-094BBAC9AF22}.Release|x64.ActiveCfg = Release|Any CPU
		{C07BFFE6-B66B-47AA-A1C2-094BBAC9AF22}.Release|x86.ActiveCfg = Release|Any CPU
		{C07BFFE6-B66B-47AA-A1C2-094BBAC9AF22}.SingleImage|Any CPU.ActiveCfg = Release|Any CPU
		{C07BFFE6-B66B-47AA-A1C2-094BBAC9AF22}.SingleImage|Any CPU.Build.0 = Release|Any CPU
		{C07BFFE6-B66B-47AA-A1C2-094BBAC9AF22}.SingleImage|AnyOS.ActiveCfg = Release|Any CPU
		{C07BFFE6-B66B-47AA-A1C2-094BBAC9AF22}.SingleImage|Mixed Platforms.ActiveCfg = Release|Any CPU
		{C07BFFE6-B66B-47AA-A1C2-094BBAC9AF22}.SingleImage|Mixed Platforms.Build.0 = Release|Any CPU
		{C07BFFE6-B66B-47AA-A1C2-094BBAC9AF22}.SingleImage|Win32.ActiveCfg = Release|Any CPU
		{C07BFFE6-B66B-47AA-A1C2-094BBAC9AF22}.SingleImage|Win64.ActiveCfg = Release|Any CPU
		{C07BFFE6-B66B-47AA-A1C2-094BBAC9AF22}.SingleImage|x64.ActiveCfg = Release|Any CPU
		{C07BFFE6-B66B-47AA-A1C2-094BBAC9AF22}.SingleImage|x86.ActiveCfg = Release|Any CPU
		{8595864B-D0F6-4B1F-853D-0F38E8EE90F8}.CD_ROM|Any CPU.ActiveCfg = CD_ROM|AnyOS
		{8595864B-D0F6-4B1F-853D-0F38E8EE90F8}.CD_ROM|AnyOS.ActiveCfg = CD_ROM|AnyOS
		{8595864B-D0F6-4B1F-853D-0F38E8EE90F8}.CD_ROM|AnyOS.Build.0 = CD_ROM|AnyOS
		{8595864B-D0F6-4B1F-853D-0F38E8EE90F8}.CD_ROM|Mixed Platforms.ActiveCfg = CD_ROM|AnyOS
		{8595864B-D0F6-4B1F-853D-0F38E8EE90F8}.CD_ROM|Mixed Platforms.Build.0 = CD_ROM|AnyOS
		{8595864B-D0F6-4B1F-853D-0F38E8EE90F8}.CD_ROM|Win32.ActiveCfg = CD_ROM|Win32
		{8595864B-D0F6-4B1F-853D-0F38E8EE90F8}.CD_ROM|Win32.Build.0 = CD_ROM|Win32
		{8595864B-D0F6-4B1F-853D-0F38E8EE90F8}.CD_ROM|Win64.ActiveCfg = CD_ROM|Win64
		{8595864B-D0F6-4B1F-853D-0F38E8EE90F8}.CD_ROM|Win64.Build.0 = CD_ROM|Win64
		{8595864B-D0F6-4B1F-853D-0F38E8EE90F8}.CD_ROM|x64.ActiveCfg = CD_ROM|AnyOS
		{8595864B-D0F6-4B1F-853D-0F38E8EE90F8}.CD_ROM|x86.ActiveCfg = CD_ROM|AnyOS
		{8595864B-D0F6-4B1F-853D-0F38E8EE90F8}.Debug|Any CPU.ActiveCfg = DVD-5|AnyOS
		{8595864B-D0F6-4B1F-853D-0F38E8EE90F8}.Debug|AnyOS.ActiveCfg = DVD-5|AnyOS
		{8595864B-D0F6-4B1F-853D-0F38E8EE90F8}.Debug|AnyOS.Build.0 = DVD-5|AnyOS
		{8595864B-D0F6-4B1F-853D-0F38E8EE90F8}.Debug|Mixed Platforms.ActiveCfg = DVD-5|AnyOS
		{8595864B-D0F6-4B1F-853D-0F38E8EE90F8}.Debug|Mixed Platforms.Build.0 = DVD-5|AnyOS
		{8595864B-D0F6-4B1F-853D-0F38E8EE90F8}.Debug|Win32.ActiveCfg = DVD-5|AnyOS
		{8595864B-D0F6-4B1F-853D-0F38E8EE90F8}.Debug|Win64.ActiveCfg = DVD-5|AnyOS
		{8595864B-D0F6-4B1F-853D-0F38E8EE90F8}.Debug|x64.ActiveCfg = DVD-5|AnyOS
		{8595864B-D0F6-4B1F-853D-0F38E8EE90F8}.Debug|x86.ActiveCfg = DVD-5|AnyOS
		{8595864B-D0F6-4B1F-853D-0F38E8EE90F8}.DVD-5|Any CPU.ActiveCfg = DVD-5|AnyOS
		{8595864B-D0F6-4B1F-853D-0F38E8EE90F8}.DVD-5|AnyOS.ActiveCfg = DVD-5|AnyOS
		{8595864B-D0F6-4B1F-853D-0F38E8EE90F8}.DVD-5|AnyOS.Build.0 = DVD-5|AnyOS
		{8595864B-D0F6-4B1F-853D-0F38E8EE90F8}.DVD-5|Mixed Platforms.ActiveCfg = DVD-5|AnyOS
		{8595864B-D0F6-4B1F-853D-0F38E8EE90F8}.DVD-5|Mixed Platforms.Build.0 = DVD-5|AnyOS
		{8595864B-D0F6-4B1F-853D-0F38E8EE90F8}.DVD-5|Win32.ActiveCfg = DVD-5|Win32
		{8595864B-D0F6-4B1F-853D-0F38E8EE90F8}.DVD-5|Win32.Build.0 = DVD-5|Win32
		{8595864B-D0F6-4B1F-853D-0F38E8EE90F8}.DVD-5|Win64.ActiveCfg = DVD-5|Win64
		{8595864B-D0F6-4B1F-853D-0F38E8EE90F8}.DVD-5|Win64.Build.0 = DVD-5|Win64
		{8595864B-D0F6-4B1F-853D-0F38E8EE90F8}.DVD-5|x64.ActiveCfg = DVD-5|AnyOS
		{8595864B-D0F6-4B1F-853D-0F38E8EE90F8}.DVD-5|x86.ActiveCfg = DVD-5|AnyOS
		{8595864B-D0F6-4B1F-853D-0F38E8EE90F8}.Release|Any CPU.ActiveCfg = SingleImage|AnyOS
		{8595864B-D0F6-4B1F-853D-0F38E8EE90F8}.Release|AnyOS.ActiveCfg = SingleImage|AnyOS
		{8595864B-D0F6-4B1F-853D-0F38E8EE90F8}.Release|AnyOS.Build.0 = SingleImage|AnyOS
		{8595864B-D0F6-4B1F-853D-0F38E8EE90F8}.Release|Mixed Platforms.ActiveCfg = SingleImage|AnyOS
		{8595864B-D0F6-4B1F-853D-0F38E8EE90F8}.Release|Mixed Platforms.Build.0 = SingleImage|AnyOS
		{8595864B-D0F6-4B1F-853D-0F38E8EE90F8}.Release|Win32.ActiveCfg = SingleImage|AnyOS
		{8595864B-D0F6-4B1F-853D-0F38E8EE90F8}.Release|Win64.ActiveCfg = SingleImage|AnyOS
		{8595864B-D0F6-4B1F-853D-0F38E8EE90F8}.Release|x64.ActiveCfg = SingleImage|AnyOS
		{8595864B-D0F6-4B1F-853D-0F38E8EE90F8}.Release|x86.ActiveCfg = SingleImage|AnyOS
		{8595864B-D0F6-4B1F-853D-0F38E8EE90F8}.SingleImage|Any CPU.ActiveCfg = SingleImage|AnyOS
		{8595864B-D0F6-4B1F-853D-0F38E8EE90F8}.SingleImage|AnyOS.ActiveCfg = SingleImage|AnyOS
		{8595864B-D0F6-4B1F-853D-0F38E8EE90F8}.SingleImage|AnyOS.Build.0 = SingleImage|AnyOS
		{8595864B-D0F6-4B1F-853D-0F38E8EE90F8}.SingleImage|Mixed Platforms.ActiveCfg = SingleImage|AnyOS
		{8595864B-D0F6-4B1F-853D-0F38E8EE90F8}.SingleImage|Mixed Platforms.Build.0 = SingleImage|AnyOS
		{8595864B-D0F6-4B1F-853D-0F38E8EE90F8}.SingleImage|Win32.ActiveCfg = SingleImage|Win32
		{8595864B-D0F6-4B1F-853D-0F38E8EE90F8}.SingleImage|Win32.Build.0 = SingleImage|Win32
		{8595864B-D0F6-4B1F-853D-0F38E8EE90F8}.SingleImage|Win64.ActiveCfg = SingleImage|Win64
		{8595864B-D0F6-4B1F-853D-0F38E8EE90F8}.SingleImage|Win64.Build.0 = SingleImage|Win64
		{8595864B-D0F6-4B1F-853D-0F38E8EE90F8}.SingleImage|x64.ActiveCfg = SingleImage|AnyOS
		{8595864B-D0F6-4B1F-853D-0F38E8EE90F8}.SingleImage|x86.ActiveCfg = SingleImage|AnyOS
		{8CF624A8-4FE6-41AD-8DDF-B37854E374CB}.CD_ROM|Any CPU.ActiveCfg = Release|x86
		{8CF624A8-4FE6-41AD-8DDF-B37854E374CB}.CD_ROM|AnyOS.ActiveCfg = Release|x86
		{8CF624A8-4FE6-41AD-8DDF-B37854E374CB}.CD_ROM|Mixed Platforms.ActiveCfg = Release|x86
		{8CF624A8-4FE6-41AD-8DDF-B37854E374CB}.CD_ROM|Mixed Platforms.Build.0 = Release|x86
		{8CF624A8-4FE6-41AD-8DDF-B37854E374CB}.CD_ROM|Win32.ActiveCfg = Release|x86
		{8CF624A8-4FE6-41AD-8DDF-B37854E374CB}.CD_ROM|Win64.ActiveCfg = Release|x86
		{8CF624A8-4FE6-41AD-8DDF-B37854E374CB}.CD_ROM|x64.ActiveCfg = Release|x86
		{8CF624A8-4FE6-41AD-8DDF-B37854E374CB}.CD_ROM|x86.ActiveCfg = Release|x86
		{8CF624A8-4FE6-41AD-8DDF-B37854E374CB}.CD_ROM|x86.Build.0 = Release|x86
		{8CF624A8-4FE6-41AD-8DDF-B37854E374CB}.Debug|Any CPU.ActiveCfg = Debug|x86
		{8CF624A8-4FE6-41AD-8DDF-B37854E374CB}.Debug|AnyOS.ActiveCfg = Debug|x86
		{8CF624A8-4FE6-41AD-8DDF-B37854E374CB}.Debug|Mixed Platforms.ActiveCfg = Debug|x86
		{8CF624A8-4FE6-41AD-8DDF-B37854E374CB}.Debug|Mixed Platforms.Build.0 = Debug|x86
		{8CF624A8-4FE6-41AD-8DDF-B37854E374CB}.Debug|Win32.ActiveCfg = Debug|x86
		{8CF624A8-4FE6-41AD-8DDF-B37854E374CB}.Debug|Win64.ActiveCfg = Debug|x86
		{8CF624A8-4FE6-41AD-8DDF-B37854E374CB}.Debug|x64.ActiveCfg = Debug|x86
		{8CF624A8-4FE6-41AD-8DDF-B37854E374CB}.Debug|x86.ActiveCfg = Debug|x86
		{8CF624A8-4FE6-41AD-8DDF-B37854E374CB}.Debug|x86.Build.0 = Debug|x86
		{8CF624A8-4FE6-41AD-8DDF-B37854E374CB}.DVD-5|Any CPU.ActiveCfg = Debug|x86
		{8CF624A8-4FE6-41AD-8DDF-B37854E374CB}.DVD-5|AnyOS.ActiveCfg = Debug|x86
		{8CF624A8-4FE6-41AD-8DDF-B37854E374CB}.DVD-5|Mixed Platforms.ActiveCfg = Debug|x86
		{8CF624A8-4FE6-41AD-8DDF-B37854E374CB}.DVD-5|Mixed Platforms.Build.0 = Debug|x86
		{8CF624A8-4FE6-41AD-8DDF-B37854E374CB}.DVD-5|Win32.ActiveCfg = Debug|x86
		{8CF624A8-4FE6-41AD-8DDF-B37854E374CB}.DVD-5|Win64.ActiveCfg = Debug|x86
		{8CF624A8-4FE6-41AD-8DDF-B37854E374CB}.DVD-5|x64.ActiveCfg = Debug|x86
		{8CF624A8-4FE6-41AD-8DDF-B37854E374CB}.DVD-5|x86.ActiveCfg = Debug|x86
		{8CF624A8-4FE6-41AD-8DDF-B37854E374CB}.DVD-5|x86.Build.0 = Debug|x86
		{8CF624A8-4FE6-41AD-8DDF-B37854E374CB}.Release|Any CPU.ActiveCfg = Release|x86
		{8CF624A8-4FE6-41AD-8DDF-B37854E374CB}.Release|AnyOS.ActiveCfg = Release|x86
		{8CF624A8-4FE6-41AD-8DDF-B37854E374CB}.Release|Mixed Platforms.ActiveCfg = Release|x86
		{8CF624A8-4FE6-41AD-8DDF-B37854E374CB}.Release|Mixed Platforms.Build.0 = Release|x86
		{8CF624A8-4FE6-41AD-8DDF-B37854E374CB}.Release|Win32.ActiveCfg = Release|x86
		{8CF624A8-4FE6-41AD-8DDF-B37854E374CB}.Release|Win64.ActiveCfg = Release|x86
		{8CF624A8-4FE6-41AD-8DDF-B37854E374CB}.Release|x64.ActiveCfg = Release|x86
		{8CF624A8-4FE6-41AD-8DDF-B37854E374CB}.Release|x86.ActiveCfg = Release|x86
		{8CF624A8-4FE6-41AD-8DDF-B37854E374CB}.Release|x86.Build.0 = Release|x86
		{8CF624A8-4FE6-41AD-8DDF-B37854E374CB}.SingleImage|Any CPU.ActiveCfg = Release|x86
		{8CF624A8-4FE6-41AD-8DDF-B37854E374CB}.SingleImage|AnyOS.ActiveCfg = Release|x86
		{8CF624A8-4FE6-41AD-8DDF-B37854E374CB}.SingleImage|Mixed Platforms.ActiveCfg = Release|x86
		{8CF624A8-4FE6-41AD-8DDF-B37854E374CB}.SingleImage|Mixed Platforms.Build.0 = Release|x86
		{8CF624A8-4FE6-41AD-8DDF-B37854E374CB}.SingleImage|Win32.ActiveCfg = Release|x86
		{8CF624A8-4FE6-41AD-8DDF-B37854E374CB}.SingleImage|Win64.ActiveCfg = Release|x86
		{8CF624A8-4FE6-41AD-8DDF-B37854E374CB}.SingleImage|x64.ActiveCfg = Release|x86
		{8CF624A8-4FE6-41AD-8DDF-B37854E374CB}.SingleImage|x86.ActiveCfg = Release|x86
		{8CF624A8-4FE6-41AD-8DDF-B37854E374CB}.SingleImage|x86.Build.0 = Release|x86
		{0037E22E-B40E-4D9B-8CD5-062E7E3BC1D7}.CD_ROM|Any CPU.ActiveCfg = Release|Any CPU
		{0037E22E-B40E-4D9B-8CD5-062E7E3BC1D7}.CD_ROM|Any CPU.Build.0 = Release|Any CPU
		{0037E22E-B40E-4D9B-8CD5-062E7E3BC1D7}.CD_ROM|AnyOS.ActiveCfg = Release|Any CPU
		{0037E22E-B40E-4D9B-8CD5-062E7E3BC1D7}.CD_ROM|Mixed Platforms.ActiveCfg = Release|Any CPU
		{0037E22E-B40E-4D9B-8CD5-062E7E3BC1D7}.CD_ROM|Mixed Platforms.Build.0 = Release|Any CPU
		{0037E22E-B40E-4D9B-8CD5-062E7E3BC1D7}.CD_ROM|Win32.ActiveCfg = Release|Any CPU
		{0037E22E-B40E-4D9B-8CD5-062E7E3BC1D7}.CD_ROM|Win64.ActiveCfg = Release|Any CPU
		{0037E22E-B40E-4D9B-8CD5-062E7E3BC1D7}.CD_ROM|x64.ActiveCfg = Release|Any CPU
		{0037E22E-B40E-4D9B-8CD5-062E7E3BC1D7}.CD_ROM|x86.ActiveCfg = Release|Any CPU
		{0037E22E-B40E-4D9B-8CD5-062E7E3BC1D7}.Debug|Any CPU.ActiveCfg = Debug|Any CPU
		{0037E22E-B40E-4D9B-8CD5-062E7E3BC1D7}.Debug|Any CPU.Build.0 = Debug|Any CPU
		{0037E22E-B40E-4D9B-8CD5-062E7E3BC1D7}.Debug|AnyOS.ActiveCfg = Debug|Any CPU
		{0037E22E-B40E-4D9B-8CD5-062E7E3BC1D7}.Debug|Mixed Platforms.ActiveCfg = Debug|Any CPU
		{0037E22E-B40E-4D9B-8CD5-062E7E3BC1D7}.Debug|Mixed Platforms.Build.0 = Debug|Any CPU
		{0037E22E-B40E-4D9B-8CD5-062E7E3BC1D7}.Debug|Win32.ActiveCfg = Debug|Any CPU
		{0037E22E-B40E-4D9B-8CD5-062E7E3BC1D7}.Debug|Win64.ActiveCfg = Debug|Any CPU
		{0037E22E-B40E-4D9B-8CD5-062E7E3BC1D7}.Debug|x64.ActiveCfg = Debug|Any CPU
		{0037E22E-B40E-4D9B-8CD5-062E7E3BC1D7}.Debug|x86.ActiveCfg = Debug|Any CPU
		{0037E22E-B40E-4D9B-8CD5-062E7E3BC1D7}.DVD-5|Any CPU.ActiveCfg = Debug|Any CPU
		{0037E22E-B40E-4D9B-8CD5-062E7E3BC1D7}.DVD-5|Any CPU.Build.0 = Debug|Any CPU
		{0037E22E-B40E-4D9B-8CD5-062E7E3BC1D7}.DVD-5|AnyOS.ActiveCfg = Debug|Any CPU
		{0037E22E-B40E-4D9B-8CD5-062E7E3BC1D7}.DVD-5|Mixed Platforms.ActiveCfg = Debug|Any CPU
		{0037E22E-B40E-4D9B-8CD5-062E7E3BC1D7}.DVD-5|Mixed Platforms.Build.0 = Debug|Any CPU
		{0037E22E-B40E-4D9B-8CD5-062E7E3BC1D7}.DVD-5|Win32.ActiveCfg = Debug|Any CPU
		{0037E22E-B40E-4D9B-8CD5-062E7E3BC1D7}.DVD-5|Win64.ActiveCfg = Debug|Any CPU
		{0037E22E-B40E-4D9B-8CD5-062E7E3BC1D7}.DVD-5|x64.ActiveCfg = Debug|Any CPU
		{0037E22E-B40E-4D9B-8CD5-062E7E3BC1D7}.DVD-5|x86.ActiveCfg = Debug|Any CPU
		{0037E22E-B40E-4D9B-8CD5-062E7E3BC1D7}.Release|Any CPU.ActiveCfg = Release|Any CPU
		{0037E22E-B40E-4D9B-8CD5-062E7E3BC1D7}.Release|Any CPU.Build.0 = Release|Any CPU
		{0037E22E-B40E-4D9B-8CD5-062E7E3BC1D7}.Release|AnyOS.ActiveCfg = Release|Any CPU
		{0037E22E-B40E-4D9B-8CD5-062E7E3BC1D7}.Release|Mixed Platforms.ActiveCfg = Release|Any CPU
		{0037E22E-B40E-4D9B-8CD5-062E7E3BC1D7}.Release|Mixed Platforms.Build.0 = Release|Any CPU
		{0037E22E-B40E-4D9B-8CD5-062E7E3BC1D7}.Release|Win32.ActiveCfg = Release|Any CPU
		{0037E22E-B40E-4D9B-8CD5-062E7E3BC1D7}.Release|Win64.ActiveCfg = Release|Any CPU
		{0037E22E-B40E-4D9B-8CD5-062E7E3BC1D7}.Release|x64.ActiveCfg = Release|Any CPU
		{0037E22E-B40E-4D9B-8CD5-062E7E3BC1D7}.Release|x86.ActiveCfg = Release|Any CPU
		{0037E22E-B40E-4D9B-8CD5-062E7E3BC1D7}.SingleImage|Any CPU.ActiveCfg = Release|Any CPU
		{0037E22E-B40E-4D9B-8CD5-062E7E3BC1D7}.SingleImage|Any CPU.Build.0 = Release|Any CPU
		{0037E22E-B40E-4D9B-8CD5-062E7E3BC1D7}.SingleImage|AnyOS.ActiveCfg = Release|Any CPU
		{0037E22E-B40E-4D9B-8CD5-062E7E3BC1D7}.SingleImage|Mixed Platforms.ActiveCfg = Release|Any CPU
		{0037E22E-B40E-4D9B-8CD5-062E7E3BC1D7}.SingleImage|Mixed Platforms.Build.0 = Release|Any CPU
		{0037E22E-B40E-4D9B-8CD5-062E7E3BC1D7}.SingleImage|Win32.ActiveCfg = Release|Any CPU
		{0037E22E-B40E-4D9B-8CD5-062E7E3BC1D7}.SingleImage|Win64.ActiveCfg = Release|Any CPU
		{0037E22E-B40E-4D9B-8CD5-062E7E3BC1D7}.SingleImage|x64.ActiveCfg = Release|Any CPU
		{0037E22E-B40E-4D9B-8CD5-062E7E3BC1D7}.SingleImage|x86.ActiveCfg = Release|Any CPU
		{DB1A9545-2E68-4857-B776-29F62F8EA21C}.CD_ROM|Any CPU.ActiveCfg = Release|x86
		{DB1A9545-2E68-4857-B776-29F62F8EA21C}.CD_ROM|AnyOS.ActiveCfg = Release|x86
		{DB1A9545-2E68-4857-B776-29F62F8EA21C}.CD_ROM|Mixed Platforms.ActiveCfg = Release|x86
		{DB1A9545-2E68-4857-B776-29F62F8EA21C}.CD_ROM|Mixed Platforms.Build.0 = Release|x86
		{DB1A9545-2E68-4857-B776-29F62F8EA21C}.CD_ROM|Win32.ActiveCfg = Release|x86
		{DB1A9545-2E68-4857-B776-29F62F8EA21C}.CD_ROM|Win64.ActiveCfg = Release|x86
		{DB1A9545-2E68-4857-B776-29F62F8EA21C}.CD_ROM|x64.ActiveCfg = Release|x86
		{DB1A9545-2E68-4857-B776-29F62F8EA21C}.CD_ROM|x86.ActiveCfg = Release|x86
		{DB1A9545-2E68-4857-B776-29F62F8EA21C}.CD_ROM|x86.Build.0 = Release|x86
		{DB1A9545-2E68-4857-B776-29F62F8EA21C}.Debug|Any CPU.ActiveCfg = Debug|x86
		{DB1A9545-2E68-4857-B776-29F62F8EA21C}.Debug|AnyOS.ActiveCfg = Debug|x86
		{DB1A9545-2E68-4857-B776-29F62F8EA21C}.Debug|Mixed Platforms.ActiveCfg = Debug|x86
		{DB1A9545-2E68-4857-B776-29F62F8EA21C}.Debug|Mixed Platforms.Build.0 = Debug|x86
		{DB1A9545-2E68-4857-B776-29F62F8EA21C}.Debug|Win32.ActiveCfg = Debug|x86
		{DB1A9545-2E68-4857-B776-29F62F8EA21C}.Debug|Win64.ActiveCfg = Debug|x86
		{DB1A9545-2E68-4857-B776-29F62F8EA21C}.Debug|x64.ActiveCfg = Debug|x86
		{DB1A9545-2E68-4857-B776-29F62F8EA21C}.Debug|x86.ActiveCfg = Debug|x86
		{DB1A9545-2E68-4857-B776-29F62F8EA21C}.Debug|x86.Build.0 = Debug|x86
		{DB1A9545-2E68-4857-B776-29F62F8EA21C}.DVD-5|Any CPU.ActiveCfg = Debug|x86
		{DB1A9545-2E68-4857-B776-29F62F8EA21C}.DVD-5|AnyOS.ActiveCfg = Debug|x86
		{DB1A9545-2E68-4857-B776-29F62F8EA21C}.DVD-5|Mixed Platforms.ActiveCfg = Debug|x86
		{DB1A9545-2E68-4857-B776-29F62F8EA21C}.DVD-5|Mixed Platforms.Build.0 = Debug|x86
		{DB1A9545-2E68-4857-B776-29F62F8EA21C}.DVD-5|Win32.ActiveCfg = Debug|x86
		{DB1A9545-2E68-4857-B776-29F62F8EA21C}.DVD-5|Win64.ActiveCfg = Debug|x86
		{DB1A9545-2E68-4857-B776-29F62F8EA21C}.DVD-5|x64.ActiveCfg = Debug|x86
		{DB1A9545-2E68-4857-B776-29F62F8EA21C}.DVD-5|x86.ActiveCfg = Debug|x86
		{DB1A9545-2E68-4857-B776-29F62F8EA21C}.DVD-5|x86.Build.0 = Debug|x86
		{DB1A9545-2E68-4857-B776-29F62F8EA21C}.Release|Any CPU.ActiveCfg = Release|x86
		{DB1A9545-2E68-4857-B776-29F62F8EA21C}.Release|AnyOS.ActiveCfg = Release|x86
		{DB1A9545-2E68-4857-B776-29F62F8EA21C}.Release|Mixed Platforms.ActiveCfg = Release|x86
		{DB1A9545-2E68-4857-B776-29F62F8EA21C}.Release|Mixed Platforms.Build.0 = Release|x86
		{DB1A9545-2E68-4857-B776-29F62F8EA21C}.Release|Win32.ActiveCfg = Release|x86
		{DB1A9545-2E68-4857-B776-29F62F8EA21C}.Release|Win64.ActiveCfg = Release|x86
		{DB1A9545-2E68-4857-B776-29F62F8EA21C}.Release|x64.ActiveCfg = Release|x86
		{DB1A9545-2E68-4857-B776-29F62F8EA21C}.Release|x86.ActiveCfg = Release|x86
		{DB1A9545-2E68-4857-B776-29F62F8EA21C}.Release|x86.Build.0 = Release|x86
		{DB1A9545-2E68-4857-B776-29F62F8EA21C}.SingleImage|Any CPU.ActiveCfg = Release|x86
		{DB1A9545-2E68-4857-B776-29F62F8EA21C}.SingleImage|AnyOS.ActiveCfg = Release|x86
		{DB1A9545-2E68-4857-B776-29F62F8EA21C}.SingleImage|Mixed Platforms.ActiveCfg = Release|x86
		{DB1A9545-2E68-4857-B776-29F62F8EA21C}.SingleImage|Mixed Platforms.Build.0 = Release|x86
		{DB1A9545-2E68-4857-B776-29F62F8EA21C}.SingleImage|Win32.ActiveCfg = Release|x86
		{DB1A9545-2E68-4857-B776-29F62F8EA21C}.SingleImage|Win64.ActiveCfg = Release|x86
		{DB1A9545-2E68-4857-B776-29F62F8EA21C}.SingleImage|x64.ActiveCfg = Release|x86
		{DB1A9545-2E68-4857-B776-29F62F8EA21C}.SingleImage|x86.ActiveCfg = Release|x86
		{DB1A9545-2E68-4857-B776-29F62F8EA21C}.SingleImage|x86.Build.0 = Release|x86
	EndGlobalSection
	GlobalSection(SolutionProperties) = preSolution
		HideSolutionNode = FALSE
	EndGlobalSection
EndGlobal
